<?xml version="1.0" encoding="utf-8"?>
<Project ToolsVersion="4.0" xmlns="http://schemas.microsoft.com/developer/msbuild/2003">
  <ItemGroup>
    <ClCompile Include="src\ciphers\anubis.c">
      <Filter>ciphers</Filter>
    </ClCompile>
    <ClCompile Include="src\ciphers\blowfish.c">
      <Filter>ciphers</Filter>
    </ClCompile>
    <ClCompile Include="src\ciphers\cast5.c">
      <Filter>ciphers</Filter>
    </ClCompile>
    <ClCompile Include="src\ciphers\des.c">
      <Filter>ciphers</Filter>
    </ClCompile>
    <ClCompile Include="src\ciphers\kasumi.c">
      <Filter>ciphers</Filter>
    </ClCompile>
    <ClCompile Include="src\ciphers\khazad.c">
      <Filter>ciphers</Filter>
    </ClCompile>
    <ClCompile Include="src\ciphers\kseed.c">
      <Filter>ciphers</Filter>
    </ClCompile>
    <ClCompile Include="src\ciphers\multi2.c">
      <Filter>ciphers</Filter>
    </ClCompile>
    <ClCompile Include="src\ciphers\noekeon.c">
      <Filter>ciphers</Filter>
    </ClCompile>
    <ClCompile Include="src\ciphers\rc2.c">
      <Filter>ciphers</Filter>
    </ClCompile>
    <ClCompile Include="src\ciphers\rc5.c">
      <Filter>ciphers</Filter>
    </ClCompile>
    <ClCompile Include="src\ciphers\rc6.c">
      <Filter>ciphers</Filter>
    </ClCompile>
    <ClCompile Include="src\ciphers\skipjack.c">
      <Filter>ciphers</Filter>
    </ClCompile>
    <ClCompile Include="src\ciphers\xtea.c">
      <Filter>ciphers</Filter>
    </ClCompile>
    <ClCompile Include="src\ciphers\aes\aes.c">
      <Filter>ciphers\aes</Filter>
    </ClCompile>
    <ClCompile Include="src\ciphers\aes\aes_tab.c">
      <Filter>ciphers\aes</Filter>
    </ClCompile>
    <ClCompile Include="src\ciphers\safer\safer.c">
      <Filter>ciphers\safer</Filter>
    </ClCompile>
    <ClCompile Include="src\ciphers\safer\saferp.c">
      <Filter>ciphers\safer</Filter>
    </ClCompile>
    <ClCompile Include="src\ciphers\safer\safer_tab.c">
      <Filter>ciphers\safer</Filter>
    </ClCompile>
    <ClCompile Include="src\ciphers\twofish\twofish.c">
      <Filter>ciphers\twofish</Filter>
    </ClCompile>
    <ClCompile Include="src\ciphers\twofish\twofish_tab.c">
      <Filter>ciphers\twofish</Filter>
    </ClCompile>
    <ClCompile Include="src\encauth\ccm\ccm_memory.c">
      <Filter>encauth\ccm</Filter>
    </ClCompile>
    <ClCompile Include="src\encauth\ccm\ccm_test.c">
      <Filter>encauth\ccm</Filter>
    </ClCompile>
    <ClCompile Include="src\encauth\eax\eax_addheader.c">
      <Filter>encauth\eax</Filter>
    </ClCompile>
    <ClCompile Include="src\encauth\eax\eax_decrypt.c">
      <Filter>encauth\eax</Filter>
    </ClCompile>
    <ClCompile Include="src\encauth\eax\eax_decrypt_verify_memory.c">
      <Filter>encauth\eax</Filter>
    </ClCompile>
    <ClCompile Include="src\encauth\eax\eax_done.c">
      <Filter>encauth\eax</Filter>
    </ClCompile>
    <ClCompile Include="src\encauth\eax\eax_encrypt.c">
      <Filter>encauth\eax</Filter>
    </ClCompile>
    <ClCompile Include="src\encauth\eax\eax_encrypt_authenticate_memory.c">
      <Filter>encauth\eax</Filter>
    </ClCompile>
    <ClCompile Include="src\encauth\eax\eax_init.c">
      <Filter>encauth\eax</Filter>
    </ClCompile>
    <ClCompile Include="src\encauth\eax\eax_test.c">
      <Filter>encauth\eax</Filter>
    </ClCompile>
    <ClCompile Include="src\encauth\gcm\gcm_add_aad.c">
      <Filter>encauth\gcm</Filter>
    </ClCompile>
    <ClCompile Include="src\encauth\gcm\gcm_add_iv.c">
      <Filter>encauth\gcm</Filter>
    </ClCompile>
    <ClCompile Include="src\encauth\gcm\gcm_done.c">
      <Filter>encauth\gcm</Filter>
    </ClCompile>
    <ClCompile Include="src\encauth\gcm\gcm_gf_mult.c">
      <Filter>encauth\gcm</Filter>
    </ClCompile>
    <ClCompile Include="src\encauth\gcm\gcm_init.c">
      <Filter>encauth\gcm</Filter>
    </ClCompile>
    <ClCompile Include="src\encauth\gcm\gcm_memory.c">
      <Filter>encauth\gcm</Filter>
    </ClCompile>
    <ClCompile Include="src\encauth\gcm\gcm_mult_h.c">
      <Filter>encauth\gcm</Filter>
    </ClCompile>
    <ClCompile Include="src\encauth\gcm\gcm_process.c">
      <Filter>encauth\gcm</Filter>
    </ClCompile>
    <ClCompile Include="src\encauth\gcm\gcm_reset.c">
      <Filter>encauth\gcm</Filter>
    </ClCompile>
    <ClCompile Include="src\encauth\gcm\gcm_test.c">
      <Filter>encauth\gcm</Filter>
    </ClCompile>
    <ClCompile Include="src\encauth\ocb\ocb_decrypt.c">
      <Filter>encauth\ocb</Filter>
    </ClCompile>
    <ClCompile Include="src\encauth\ocb\ocb_decrypt_verify_memory.c">
      <Filter>encauth\ocb</Filter>
    </ClCompile>
    <ClCompile Include="src\encauth\ocb\ocb_done_decrypt.c">
      <Filter>encauth\ocb</Filter>
    </ClCompile>
    <ClCompile Include="src\encauth\ocb\ocb_done_encrypt.c">
      <Filter>encauth\ocb</Filter>
    </ClCompile>
    <ClCompile Include="src\encauth\ocb\ocb_encrypt.c">
      <Filter>encauth\ocb</Filter>
    </ClCompile>
    <ClCompile Include="src\encauth\ocb\ocb_encrypt_authenticate_memory.c">
      <Filter>encauth\ocb</Filter>
    </ClCompile>
    <ClCompile Include="src\encauth\ocb\ocb_init.c">
      <Filter>encauth\ocb</Filter>
    </ClCompile>
    <ClCompile Include="src\encauth\ocb\ocb_ntz.c">
      <Filter>encauth\ocb</Filter>
    </ClCompile>
    <ClCompile Include="src\encauth\ocb\ocb_shift_xor.c">
      <Filter>encauth\ocb</Filter>
    </ClCompile>
    <ClCompile Include="src\encauth\ocb\ocb_test.c">
      <Filter>encauth\ocb</Filter>
    </ClCompile>
    <ClCompile Include="src\encauth\ocb\s_ocb_done.c">
      <Filter>encauth\ocb</Filter>
    </ClCompile>
    <ClCompile Include="src\hashes\chc\chc.c">
      <Filter>hashes</Filter>
    </ClCompile>
    <ClCompile Include="src\hashes\md2.c">
      <Filter>hashes</Filter>
    </ClCompile>
    <ClCompile Include="src\hashes\md4.c">
      <Filter>hashes</Filter>
    </ClCompile>
    <ClCompile Include="src\hashes\md5.c">
      <Filter>hashes</Filter>
    </ClCompile>
    <ClCompile Include="src\hashes\rmd128.c">
      <Filter>hashes</Filter>
    </ClCompile>
    <ClCompile Include="src\hashes\rmd160.c">
      <Filter>hashes</Filter>
    </ClCompile>
    <ClCompile Include="src\hashes\rmd256.c">
      <Filter>hashes</Filter>
    </ClCompile>
    <ClCompile Include="src\hashes\rmd320.c">
      <Filter>hashes</Filter>
    </ClCompile>
    <ClCompile Include="src\hashes\sha1.c">
      <Filter>hashes</Filter>
    </ClCompile>
    <ClCompile Include="src\hashes\tiger.c">
      <Filter>hashes</Filter>
    </ClCompile>
    <ClCompile Include="src\hashes\helper\hash_file.c">
      <Filter>hashes\helper</Filter>
    </ClCompile>
    <ClCompile Include="src\hashes\helper\hash_filehandle.c">
      <Filter>hashes\helper</Filter>
    </ClCompile>
    <ClCompile Include="src\hashes\helper\hash_memory.c">
      <Filter>hashes\helper</Filter>
    </ClCompile>
    <ClCompile Include="src\hashes\helper\hash_memory_multi.c">
      <Filter>hashes\helper</Filter>
    </ClCompile>
    <ClCompile Include="src\hashes\sha2\sha224.c">
      <Filter>hashes\sha2</Filter>
    </ClCompile>
    <ClCompile Include="src\hashes\sha2\sha256.c">
      <Filter>hashes\sha2</Filter>
    </ClCompile>
    <ClCompile Include="src\hashes\sha2\sha384.c">
      <Filter>hashes\sha2</Filter>
    </ClCompile>
    <ClCompile Include="src\hashes\sha2\sha512.c">
      <Filter>hashes\sha2</Filter>
    </ClCompile>
    <ClCompile Include="src\hashes\whirl\whirl.c">
      <Filter>hashes\whirl</Filter>
    </ClCompile>
    <ClCompile Include="src\hashes\whirl\whirltab.c">
      <Filter>hashes\whirl</Filter>
    </ClCompile>
    <ClCompile Include="src\mac\f9\f9_done.c">
      <Filter>mac\f9</Filter>
    </ClCompile>
    <ClCompile Include="src\mac\f9\f9_file.c">
      <Filter>mac\f9</Filter>
    </ClCompile>
    <ClCompile Include="src\mac\f9\f9_init.c">
      <Filter>mac\f9</Filter>
    </ClCompile>
    <ClCompile Include="src\mac\f9\f9_memory.c">
      <Filter>mac\f9</Filter>
    </ClCompile>
    <ClCompile Include="src\mac\f9\f9_memory_multi.c">
      <Filter>mac\f9</Filter>
    </ClCompile>
    <ClCompile Include="src\mac\f9\f9_process.c">
      <Filter>mac\f9</Filter>
    </ClCompile>
    <ClCompile Include="src\mac\f9\f9_test.c">
      <Filter>mac\f9</Filter>
    </ClCompile>
    <ClCompile Include="src\mac\hmac\hmac_done.c">
      <Filter>mac\hmac</Filter>
    </ClCompile>
    <ClCompile Include="src\mac\hmac\hmac_file.c">
      <Filter>mac\hmac</Filter>
    </ClCompile>
    <ClCompile Include="src\mac\hmac\hmac_init.c">
      <Filter>mac\hmac</Filter>
    </ClCompile>
    <ClCompile Include="src\mac\hmac\hmac_memory.c">
      <Filter>mac\hmac</Filter>
    </ClCompile>
    <ClCompile Include="src\mac\hmac\hmac_memory_multi.c">
      <Filter>mac\hmac</Filter>
    </ClCompile>
    <ClCompile Include="src\mac\hmac\hmac_process.c">
      <Filter>mac\hmac</Filter>
    </ClCompile>
    <ClCompile Include="src\mac\hmac\hmac_test.c">
      <Filter>mac\hmac</Filter>
    </ClCompile>
    <ClCompile Include="src\mac\omac\omac_done.c">
      <Filter>mac\omac</Filter>
    </ClCompile>
    <ClCompile Include="src\mac\omac\omac_file.c">
      <Filter>mac\omac</Filter>
    </ClCompile>
    <ClCompile Include="src\mac\omac\omac_init.c">
      <Filter>mac\omac</Filter>
    </ClCompile>
    <ClCompile Include="src\mac\omac\omac_memory.c">
      <Filter>mac\omac</Filter>
    </ClCompile>
    <ClCompile Include="src\mac\omac\omac_memory_multi.c">
      <Filter>mac\omac</Filter>
    </ClCompile>
    <ClCompile Include="src\mac\omac\omac_process.c">
      <Filter>mac\omac</Filter>
    </ClCompile>
    <ClCompile Include="src\mac\omac\omac_test.c">
      <Filter>mac\omac</Filter>
    </ClCompile>
    <ClCompile Include="src\mac\pelican\pelican.c">
      <Filter>mac\pelican</Filter>
    </ClCompile>
    <ClCompile Include="src\mac\pelican\pelican_memory.c">
      <Filter>mac\pelican</Filter>
    </ClCompile>
    <ClCompile Include="src\mac\pelican\pelican_test.c">
      <Filter>mac\pelican</Filter>
    </ClCompile>
    <ClCompile Include="src\mac\pmac\pmac_done.c">
      <Filter>mac\pmac</Filter>
    </ClCompile>
    <ClCompile Include="src\mac\pmac\pmac_file.c">
      <Filter>mac\pmac</Filter>
    </ClCompile>
    <ClCompile Include="src\mac\pmac\pmac_init.c">
      <Filter>mac\pmac</Filter>
    </ClCompile>
    <ClCompile Include="src\mac\pmac\pmac_memory.c">
      <Filter>mac\pmac</Filter>
    </ClCompile>
    <ClCompile Include="src\mac\pmac\pmac_memory_multi.c">
      <Filter>mac\pmac</Filter>
    </ClCompile>
    <ClCompile Include="src\mac\pmac\pmac_ntz.c">
      <Filter>mac\pmac</Filter>
    </ClCompile>
    <ClCompile Include="src\mac\pmac\pmac_process.c">
      <Filter>mac\pmac</Filter>
    </ClCompile>
    <ClCompile Include="src\mac\pmac\pmac_shift_xor.c">
      <Filter>mac\pmac</Filter>
    </ClCompile>
    <ClCompile Include="src\mac\pmac\pmac_test.c">
      <Filter>mac\pmac</Filter>
    </ClCompile>
    <ClCompile Include="src\mac\xcbc\xcbc_done.c">
      <Filter>mac\xcbc</Filter>
    </ClCompile>
    <ClCompile Include="src\mac\xcbc\xcbc_file.c">
      <Filter>mac\xcbc</Filter>
    </ClCompile>
    <ClCompile Include="src\mac\xcbc\xcbc_init.c">
      <Filter>mac\xcbc</Filter>
    </ClCompile>
    <ClCompile Include="src\mac\xcbc\xcbc_memory.c">
      <Filter>mac\xcbc</Filter>
    </ClCompile>
    <ClCompile Include="src\mac\xcbc\xcbc_memory_multi.c">
      <Filter>mac\xcbc</Filter>
    </ClCompile>
    <ClCompile Include="src\mac\xcbc\xcbc_process.c">
      <Filter>mac\xcbc</Filter>
    </ClCompile>
    <ClCompile Include="src\mac\xcbc\xcbc_test.c">
      <Filter>mac\xcbc</Filter>
    </ClCompile>
    <ClCompile Include="src\math\gmp_desc.c">
      <Filter>math</Filter>
    </ClCompile>
    <ClCompile Include="src\math\ltm_desc.c">
      <Filter>math</Filter>
    </ClCompile>
    <ClCompile Include="src\math\multi.c">
      <Filter>math</Filter>
    </ClCompile>
    <ClCompile Include="src\math\rand_prime.c">
      <Filter>math</Filter>
    </ClCompile>
    <ClCompile Include="src\math\tfm_desc.c">
      <Filter>math</Filter>
    </ClCompile>
    <ClCompile Include="src\math\fp\ltc_ecc_fp_mulmod.c">
      <Filter>math\fp</Filter>
    </ClCompile>
    <ClCompile Include="src\misc\burn_stack.c">
      <Filter>misc</Filter>
    </ClCompile>
    <ClCompile Include="src\misc\error_to_string.c">
      <Filter>misc</Filter>
    </ClCompile>
    <ClCompile Include="src\misc\zeromem.c">
      <Filter>misc</Filter>
    </ClCompile>
    <ClCompile Include="src\misc\base64\base64_decode.c">
      <Filter>misc\base64</Filter>
    </ClCompile>
    <ClCompile Include="src\misc\base64\base64_encode.c">
      <Filter>misc\base64</Filter>
    </ClCompile>
    <ClCompile Include="src\misc\crypt\crypt.c">
      <Filter>misc\crypt</Filter>
    </ClCompile>
    <ClCompile Include="src\misc\crypt\crypt_argchk.c">
      <Filter>misc\crypt</Filter>
    </ClCompile>
    <ClCompile Include="src\misc\crypt\crypt_cipher_descriptor.c">
      <Filter>misc\crypt</Filter>
    </ClCompile>
    <ClCompile Include="src\misc\crypt\crypt_cipher_is_valid.c">
      <Filter>misc\crypt</Filter>
    </ClCompile>
    <ClCompile Include="src\misc\crypt\crypt_find_cipher.c">
      <Filter>misc\crypt</Filter>
    </ClCompile>
    <ClCompile Include="src\misc\crypt\crypt_find_cipher_any.c">
      <Filter>misc\crypt</Filter>
    </ClCompile>
    <ClCompile Include="src\misc\crypt\crypt_find_cipher_id.c">
      <Filter>misc\crypt</Filter>
    </ClCompile>
    <ClCompile Include="src\misc\crypt\crypt_find_hash.c">
      <Filter>misc\crypt</Filter>
    </ClCompile>
    <ClCompile Include="src\misc\crypt\crypt_find_hash_any.c">
      <Filter>misc\crypt</Filter>
    </ClCompile>
    <ClCompile Include="src\misc\crypt\crypt_find_hash_id.c">
      <Filter>misc\crypt</Filter>
    </ClCompile>
    <ClCompile Include="src\misc\crypt\crypt_find_hash_oid.c">
      <Filter>misc\crypt</Filter>
    </ClCompile>
    <ClCompile Include="src\misc\crypt\crypt_find_prng.c">
      <Filter>misc\crypt</Filter>
    </ClCompile>
    <ClCompile Include="src\misc\crypt\crypt_fsa.c">
      <Filter>misc\crypt</Filter>
    </ClCompile>
    <ClCompile Include="src\misc\crypt\crypt_hash_descriptor.c">
      <Filter>misc\crypt</Filter>
    </ClCompile>
    <ClCompile Include="src\misc\crypt\crypt_hash_is_valid.c">
      <Filter>misc\crypt</Filter>
    </ClCompile>
    <ClCompile Include="src\misc\crypt\crypt_ltc_mp_descriptor.c">
      <Filter>misc\crypt</Filter>
    </ClCompile>
    <ClCompile Include="src\misc\crypt\crypt_prng_descriptor.c">
      <Filter>misc\crypt</Filter>
    </ClCompile>
    <ClCompile Include="src\misc\crypt\crypt_prng_is_valid.c">
      <Filter>misc\crypt</Filter>
    </ClCompile>
    <ClCompile Include="src\misc\crypt\crypt_register_cipher.c">
      <Filter>misc\crypt</Filter>
    </ClCompile>
    <ClCompile Include="src\misc\crypt\crypt_register_hash.c">
      <Filter>misc\crypt</Filter>
    </ClCompile>
    <ClCompile Include="src\misc\crypt\crypt_register_prng.c">
      <Filter>misc\crypt</Filter>
    </ClCompile>
    <ClCompile Include="src\misc\crypt\crypt_unregister_cipher.c">
      <Filter>misc\crypt</Filter>
    </ClCompile>
    <ClCompile Include="src\misc\crypt\crypt_unregister_hash.c">
      <Filter>misc\crypt</Filter>
    </ClCompile>
    <ClCompile Include="src\misc\crypt\crypt_unregister_prng.c">
      <Filter>misc\crypt</Filter>
    </ClCompile>
    <ClCompile Include="src\misc\pkcs5\pkcs_5_1.c">
      <Filter>misc\pkcs</Filter>
    </ClCompile>
    <ClCompile Include="src\misc\pkcs5\pkcs_5_2.c">
      <Filter>misc\pkcs</Filter>
    </ClCompile>
    <ClCompile Include="src\modes\cbc\cbc_decrypt.c">
      <Filter>modes\cbc</Filter>
    </ClCompile>
    <ClCompile Include="src\modes\cbc\cbc_done.c">
      <Filter>modes\cbc</Filter>
    </ClCompile>
    <ClCompile Include="src\modes\cbc\cbc_encrypt.c">
      <Filter>modes\cbc</Filter>
    </ClCompile>
    <ClCompile Include="src\modes\cbc\cbc_getiv.c">
      <Filter>modes\cbc</Filter>
    </ClCompile>
    <ClCompile Include="src\modes\cbc\cbc_setiv.c">
      <Filter>modes\cbc</Filter>
    </ClCompile>
    <ClCompile Include="src\modes\cbc\cbc_start.c">
      <Filter>modes\cbc</Filter>
    </ClCompile>
    <ClCompile Include="src\modes\cfb\cfb_decrypt.c">
      <Filter>modes\cfb</Filter>
    </ClCompile>
    <ClCompile Include="src\modes\cfb\cfb_done.c">
      <Filter>modes\cfb</Filter>
    </ClCompile>
    <ClCompile Include="src\modes\cfb\cfb_encrypt.c">
      <Filter>modes\cfb</Filter>
    </ClCompile>
    <ClCompile Include="src\modes\cfb\cfb_getiv.c">
      <Filter>modes\cfb</Filter>
    </ClCompile>
    <ClCompile Include="src\modes\cfb\cfb_setiv.c">
      <Filter>modes\cfb</Filter>
    </ClCompile>
    <ClCompile Include="src\modes\cfb\cfb_start.c">
      <Filter>modes\cfb</Filter>
    </ClCompile>
    <ClCompile Include="src\modes\ctr\ctr_decrypt.c">
      <Filter>modes\ctr</Filter>
    </ClCompile>
    <ClCompile Include="src\modes\ctr\ctr_done.c">
      <Filter>modes\ctr</Filter>
    </ClCompile>
    <ClCompile Include="src\modes\ctr\ctr_encrypt.c">
      <Filter>modes\ctr</Filter>
    </ClCompile>
    <ClCompile Include="src\modes\ctr\ctr_getiv.c">
      <Filter>modes\ctr</Filter>
    </ClCompile>
    <ClCompile Include="src\modes\ctr\ctr_setiv.c">
      <Filter>modes\ctr</Filter>
    </ClCompile>
    <ClCompile Include="src\modes\ctr\ctr_start.c">
      <Filter>modes\ctr</Filter>
    </ClCompile>
    <ClCompile Include="src\modes\ctr\ctr_test.c">
      <Filter>modes\ctr</Filter>
    </ClCompile>
    <ClCompile Include="src\modes\ecb\ecb_decrypt.c">
      <Filter>modes\ecb</Filter>
    </ClCompile>
    <ClCompile Include="src\modes\ecb\ecb_done.c">
      <Filter>modes\ecb</Filter>
    </ClCompile>
    <ClCompile Include="src\modes\ecb\ecb_encrypt.c">
      <Filter>modes\ecb</Filter>
    </ClCompile>
    <ClCompile Include="src\modes\ecb\ecb_start.c">
      <Filter>modes\ecb</Filter>
    </ClCompile>
    <ClCompile Include="src\modes\f8\f8_decrypt.c">
      <Filter>modes\f8</Filter>
    </ClCompile>
    <ClCompile Include="src\modes\f8\f8_done.c">
      <Filter>modes\f8</Filter>
    </ClCompile>
    <ClCompile Include="src\modes\f8\f8_encrypt.c">
      <Filter>modes\f8</Filter>
    </ClCompile>
    <ClCompile Include="src\modes\f8\f8_getiv.c">
      <Filter>modes\f8</Filter>
    </ClCompile>
    <ClCompile Include="src\modes\f8\f8_setiv.c">
      <Filter>modes\f8</Filter>
    </ClCompile>
    <ClCompile Include="src\modes\f8\f8_start.c">
      <Filter>modes\f8</Filter>
    </ClCompile>
    <ClCompile Include="src\modes\f8\f8_test_mode.c">
      <Filter>modes\f8</Filter>
    </ClCompile>
    <ClCompile Include="src\modes\lrw\lrw_decrypt.c">
      <Filter>modes\lrw</Filter>
    </ClCompile>
    <ClCompile Include="src\modes\lrw\lrw_done.c">
      <Filter>modes\lrw</Filter>
    </ClCompile>
    <ClCompile Include="src\modes\lrw\lrw_encrypt.c">
      <Filter>modes\lrw</Filter>
    </ClCompile>
    <ClCompile Include="src\modes\lrw\lrw_getiv.c">
      <Filter>modes\lrw</Filter>
    </ClCompile>
    <ClCompile Include="src\modes\lrw\lrw_process.c">
      <Filter>modes\lrw</Filter>
    </ClCompile>
    <ClCompile Include="src\modes\lrw\lrw_setiv.c">
      <Filter>modes\lrw</Filter>
    </ClCompile>
    <ClCompile Include="src\modes\lrw\lrw_start.c">
      <Filter>modes\lrw</Filter>
    </ClCompile>
    <ClCompile Include="src\modes\lrw\lrw_test.c">
      <Filter>modes\lrw</Filter>
    </ClCompile>
    <ClCompile Include="src\modes\ofb\ofb_decrypt.c">
      <Filter>modes\ofb</Filter>
    </ClCompile>
    <ClCompile Include="src\modes\ofb\ofb_done.c">
      <Filter>modes\ofb</Filter>
    </ClCompile>
    <ClCompile Include="src\modes\ofb\ofb_encrypt.c">
      <Filter>modes\ofb</Filter>
    </ClCompile>
    <ClCompile Include="src\modes\ofb\ofb_getiv.c">
      <Filter>modes\ofb</Filter>
    </ClCompile>
    <ClCompile Include="src\modes\ofb\ofb_setiv.c">
      <Filter>modes\ofb</Filter>
    </ClCompile>
    <ClCompile Include="src\modes\ofb\ofb_start.c">
      <Filter>modes\ofb</Filter>
    </ClCompile>
    <ClCompile Include="src\modes\xts\xts_decrypt.c">
      <Filter>modes\xts</Filter>
    </ClCompile>
    <ClCompile Include="src\modes\xts\xts_done.c">
      <Filter>modes\xts</Filter>
    </ClCompile>
    <ClCompile Include="src\modes\xts\xts_encrypt.c">
      <Filter>modes\xts</Filter>
    </ClCompile>
    <ClCompile Include="src\modes\xts\xts_init.c">
      <Filter>modes\xts</Filter>
    </ClCompile>
    <ClCompile Include="src\modes\xts\xts_mult_x.c">
      <Filter>modes\xts</Filter>
    </ClCompile>
    <ClCompile Include="src\modes\xts\xts_test.c">
      <Filter>modes\xts</Filter>
    </ClCompile>
    <ClCompile Include="src\pk\asn1\der\bit\der_decode_bit_string.c">
      <Filter>pk\asn1\der\bit</Filter>
    </ClCompile>
    <ClCompile Include="src\pk\asn1\der\bit\der_encode_bit_string.c">
      <Filter>pk\asn1\der\bit</Filter>
    </ClCompile>
    <ClCompile Include="src\pk\asn1\der\bit\der_length_bit_string.c">
      <Filter>pk\asn1\der\bit</Filter>
    </ClCompile>
    <ClCompile Include="src\pk\asn1\der\boolean\der_decode_boolean.c">
      <Filter>pk\asn1\der\boolean</Filter>
    </ClCompile>
    <ClCompile Include="src\pk\asn1\der\boolean\der_encode_boolean.c">
      <Filter>pk\asn1\der\boolean</Filter>
    </ClCompile>
    <ClCompile Include="src\pk\asn1\der\boolean\der_length_boolean.c">
      <Filter>pk\asn1\der\boolean</Filter>
    </ClCompile>
    <ClCompile Include="src\pk\asn1\der\choice\der_decode_choice.c">
      <Filter>pk\asn1\der\choice</Filter>
    </ClCompile>
    <ClCompile Include="src\pk\asn1\der\ia5\der_decode_ia5_string.c">
      <Filter>pk\asn1\der\ia5</Filter>
    </ClCompile>
    <ClCompile Include="src\pk\asn1\der\ia5\der_encode_ia5_string.c">
      <Filter>pk\asn1\der\ia5</Filter>
    </ClCompile>
    <ClCompile Include="src\pk\asn1\der\ia5\der_length_ia5_string.c">
      <Filter>pk\asn1\der\ia5</Filter>
    </ClCompile>
    <ClCompile Include="src\pk\asn1\der\integer\der_decode_integer.c">
      <Filter>pk\asn1\der\integer</Filter>
    </ClCompile>
    <ClCompile Include="src\pk\asn1\der\integer\der_encode_integer.c">
      <Filter>pk\asn1\der\integer</Filter>
    </ClCompile>
    <ClCompile Include="src\pk\asn1\der\integer\der_length_integer.c">
      <Filter>pk\asn1\der\integer</Filter>
    </ClCompile>
    <ClCompile Include="src\pk\asn1\der\object_identifier\der_decode_object_identifier.c">
      <Filter>pk\asn1\der\object_identifier</Filter>
    </ClCompile>
    <ClCompile Include="src\pk\asn1\der\object_identifier\der_encode_object_identifier.c">
      <Filter>pk\asn1\der\object_identifier</Filter>
    </ClCompile>
    <ClCompile Include="src\pk\asn1\der\object_identifier\der_length_object_identifier.c">
      <Filter>pk\asn1\der\object_identifier</Filter>
    </ClCompile>
    <ClCompile Include="src\pk\asn1\der\octet\der_decode_octet_string.c">
      <Filter>pk\asn1\der\octet</Filter>
    </ClCompile>
    <ClCompile Include="src\pk\asn1\der\octet\der_encode_octet_string.c">
      <Filter>pk\asn1\der\octet</Filter>
    </ClCompile>
    <ClCompile Include="src\pk\asn1\der\octet\der_length_octet_string.c">
      <Filter>pk\asn1\der\octet</Filter>
    </ClCompile>
    <ClCompile Include="src\pk\asn1\der\printable_string\der_decode_printable_string.c">
      <Filter>pk\asn1\der\printable_string</Filter>
    </ClCompile>
    <ClCompile Include="src\pk\asn1\der\printable_string\der_encode_printable_string.c">
      <Filter>pk\asn1\der\printable_string</Filter>
    </ClCompile>
    <ClCompile Include="src\pk\asn1\der\printable_string\der_length_printable_string.c">
      <Filter>pk\asn1\der\printable_string</Filter>
    </ClCompile>
    <ClCompile Include="src\pk\asn1\der\sequence\der_decode_sequence_ex.c">
      <Filter>pk\asn1\der\sequence</Filter>
    </ClCompile>
    <ClCompile Include="src\pk\asn1\der\sequence\der_decode_sequence_flexi.c">
      <Filter>pk\asn1\der\sequence</Filter>
    </ClCompile>
    <ClCompile Include="src\pk\asn1\der\sequence\der_decode_sequence_multi.c">
      <Filter>pk\asn1\der\sequence</Filter>
    </ClCompile>
    <ClCompile Include="src\pk\asn1\der\sequence\der_encode_sequence_ex.c">
      <Filter>pk\asn1\der\sequence</Filter>
    </ClCompile>
    <ClCompile Include="src\pk\asn1\der\sequence\der_encode_sequence_multi.c">
      <Filter>pk\asn1\der\sequence</Filter>
    </ClCompile>
    <ClCompile Include="src\pk\asn1\der\sequence\der_length_sequence.c">
      <Filter>pk\asn1\der\sequence</Filter>
    </ClCompile>
    <ClCompile Include="src\pk\asn1\der\sequence\der_sequence_free.c">
      <Filter>pk\asn1\der\sequence</Filter>
    </ClCompile>
    <ClCompile Include="src\pk\asn1\der\set\der_encode_set.c">
      <Filter>pk\asn1\der\set</Filter>
    </ClCompile>
    <ClCompile Include="src\pk\asn1\der\set\der_encode_setof.c">
      <Filter>pk\asn1\der\set</Filter>
    </ClCompile>
    <ClCompile Include="src\pk\asn1\der\short_integer\der_decode_short_integer.c">
      <Filter>pk\asn1\der\short_integer</Filter>
    </ClCompile>
    <ClCompile Include="src\pk\asn1\der\short_integer\der_encode_short_integer.c">
      <Filter>pk\asn1\der\short_integer</Filter>
    </ClCompile>
    <ClCompile Include="src\pk\asn1\der\short_integer\der_length_short_integer.c">
      <Filter>pk\asn1\der\short_integer</Filter>
    </ClCompile>
    <ClCompile Include="src\pk\asn1\der\utctime\der_decode_utctime.c">
      <Filter>pk\asn1\der\utctime</Filter>
    </ClCompile>
    <ClCompile Include="src\pk\asn1\der\utctime\der_encode_utctime.c">
      <Filter>pk\asn1\der\utctime</Filter>
    </ClCompile>
    <ClCompile Include="src\pk\asn1\der\utctime\der_length_utctime.c">
      <Filter>pk\asn1\der\utctime</Filter>
    </ClCompile>
    <ClCompile Include="src\pk\asn1\der\utf8\der_decode_utf8_string.c">
      <Filter>pk\asn1\der\utf8</Filter>
    </ClCompile>
    <ClCompile Include="src\pk\asn1\der\utf8\der_encode_utf8_string.c">
      <Filter>pk\asn1\der\utf8</Filter>
    </ClCompile>
    <ClCompile Include="src\pk\asn1\der\utf8\der_length_utf8_string.c">
      <Filter>pk\asn1\der\utf8</Filter>
    </ClCompile>
    <ClCompile Include="src\pk\dsa\dsa_decrypt_key.c">
      <Filter>pk\dsa</Filter>
    </ClCompile>
    <ClCompile Include="src\pk\dsa\dsa_encrypt_key.c">
      <Filter>pk\dsa</Filter>
    </ClCompile>
    <ClCompile Include="src\pk\dsa\dsa_export.c">
      <Filter>pk\dsa</Filter>
    </ClCompile>
    <ClCompile Include="src\pk\dsa\dsa_free.c">
      <Filter>pk\dsa</Filter>
    </ClCompile>
    <ClCompile Include="src\pk\dsa\dsa_import.c">
      <Filter>pk\dsa</Filter>
    </ClCompile>
    <ClCompile Include="src\pk\dsa\dsa_make_key.c">
      <Filter>pk\dsa</Filter>
    </ClCompile>
    <ClCompile Include="src\pk\dsa\dsa_shared_secret.c">
      <Filter>pk\dsa</Filter>
    </ClCompile>
    <ClCompile Include="src\pk\dsa\dsa_sign_hash.c">
      <Filter>pk\dsa</Filter>
    </ClCompile>
    <ClCompile Include="src\pk\dsa\dsa_verify_hash.c">
      <Filter>pk\dsa</Filter>
    </ClCompile>
    <ClCompile Include="src\pk\dsa\dsa_verify_key.c">
      <Filter>pk\dsa</Filter>
    </ClCompile>
    <ClCompile Include="src\pk\ecc\ecc.c">
      <Filter>pk\ecc</Filter>
    </ClCompile>
    <ClCompile Include="src\pk\ecc\ecc_ansi_x963_export.c">
      <Filter>pk\ecc</Filter>
    </ClCompile>
    <ClCompile Include="src\pk\ecc\ecc_ansi_x963_import.c">
      <Filter>pk\ecc</Filter>
    </ClCompile>
    <ClCompile Include="src\pk\ecc\ecc_decrypt_key.c">
      <Filter>pk\ecc</Filter>
    </ClCompile>
    <ClCompile Include="src\pk\ecc\ecc_encrypt_key.c">
      <Filter>pk\ecc</Filter>
    </ClCompile>
    <ClCompile Include="src\pk\ecc\ecc_export.c">
      <Filter>pk\ecc</Filter>
    </ClCompile>
    <ClCompile Include="src\pk\ecc\ecc_free.c">
      <Filter>pk\ecc</Filter>
    </ClCompile>
    <ClCompile Include="src\pk\ecc\ecc_get_size.c">
      <Filter>pk\ecc</Filter>
    </ClCompile>
    <ClCompile Include="src\pk\ecc\ecc_import.c">
      <Filter>pk\ecc</Filter>
    </ClCompile>
    <ClCompile Include="src\pk\ecc\ecc_make_key.c">
      <Filter>pk\ecc</Filter>
    </ClCompile>
    <ClCompile Include="src\pk\ecc\ecc_shared_secret.c">
      <Filter>pk\ecc</Filter>
    </ClCompile>
    <ClCompile Include="src\pk\ecc\ecc_sign_hash.c">
      <Filter>pk\ecc</Filter>
    </ClCompile>
    <ClCompile Include="src\pk\ecc\ecc_sizes.c">
      <Filter>pk\ecc</Filter>
    </ClCompile>
    <ClCompile Include="src\pk\ecc\ecc_test.c">
      <Filter>pk\ecc</Filter>
    </ClCompile>
    <ClCompile Include="src\pk\ecc\ecc_verify_hash.c">
      <Filter>pk\ecc</Filter>
    </ClCompile>
    <ClCompile Include="src\pk\ecc\ltc_ecc_is_valid_idx.c">
      <Filter>pk\ecc</Filter>
    </ClCompile>
    <ClCompile Include="src\pk\ecc\ltc_ecc_map.c">
      <Filter>pk\ecc</Filter>
    </ClCompile>
    <ClCompile Include="src\pk\ecc\ltc_ecc_mul2add.c">
      <Filter>pk\ecc</Filter>
    </ClCompile>
    <ClCompile Include="src\pk\ecc\ltc_ecc_mulmod.c">
      <Filter>pk\ecc</Filter>
    </ClCompile>
    <ClCompile Include="src\pk\ecc\ltc_ecc_mulmod_timing.c">
      <Filter>pk\ecc</Filter>
    </ClCompile>
    <ClCompile Include="src\pk\ecc\ltc_ecc_points.c">
      <Filter>pk\ecc</Filter>
    </ClCompile>
    <ClCompile Include="src\pk\ecc\ltc_ecc_projective_add_point.c">
      <Filter>pk\ecc</Filter>
    </ClCompile>
    <ClCompile Include="src\pk\ecc\ltc_ecc_projective_dbl_point.c">
      <Filter>pk\ecc</Filter>
    </ClCompile>
    <ClCompile Include="src\pk\katja\katja_decrypt_key.c">
      <Filter>pk\katja</Filter>
    </ClCompile>
    <ClCompile Include="src\pk\katja\katja_encrypt_key.c">
      <Filter>pk\katja</Filter>
    </ClCompile>
    <ClCompile Include="src\pk\katja\katja_export.c">
      <Filter>pk\katja</Filter>
    </ClCompile>
    <ClCompile Include="src\pk\katja\katja_exptmod.c">
      <Filter>pk\katja</Filter>
    </ClCompile>
    <ClCompile Include="src\pk\katja\katja_free.c">
      <Filter>pk\katja</Filter>
    </ClCompile>
    <ClCompile Include="src\pk\katja\katja_import.c">
      <Filter>pk\katja</Filter>
    </ClCompile>
    <ClCompile Include="src\pk\katja\katja_make_key.c">
      <Filter>pk\katja</Filter>
    </ClCompile>
    <ClCompile Include="src\pk\pkcs1\pkcs_1_i2osp.c">
      <Filter>pk\pkcs1</Filter>
    </ClCompile>
    <ClCompile Include="src\pk\pkcs1\pkcs_1_mgf1.c">
      <Filter>pk\pkcs1</Filter>
    </ClCompile>
    <ClCompile Include="src\pk\pkcs1\pkcs_1_oaep_decode.c">
      <Filter>pk\pkcs1</Filter>
    </ClCompile>
    <ClCompile Include="src\pk\pkcs1\pkcs_1_oaep_encode.c">
      <Filter>pk\pkcs1</Filter>
    </ClCompile>
    <ClCompile Include="src\pk\pkcs1\pkcs_1_os2ip.c">
      <Filter>pk\pkcs1</Filter>
    </ClCompile>
    <ClCompile Include="src\pk\pkcs1\pkcs_1_pss_decode.c">
      <Filter>pk\pkcs1</Filter>
    </ClCompile>
    <ClCompile Include="src\pk\pkcs1\pkcs_1_pss_encode.c">
      <Filter>pk\pkcs1</Filter>
    </ClCompile>
    <ClCompile Include="src\pk\pkcs1\pkcs_1_v1_5_decode.c">
      <Filter>pk\pkcs1</Filter>
    </ClCompile>
    <ClCompile Include="src\pk\pkcs1\pkcs_1_v1_5_encode.c">
      <Filter>pk\pkcs1</Filter>
    </ClCompile>
    <ClCompile Include="src\pk\rsa\rsa_decrypt_key.c">
      <Filter>pk\rsa</Filter>
    </ClCompile>
    <ClCompile Include="src\pk\rsa\rsa_encrypt_key.c">
      <Filter>pk\rsa</Filter>
    </ClCompile>
    <ClCompile Include="src\pk\rsa\rsa_export.c">
      <Filter>pk\rsa</Filter>
    </ClCompile>
    <ClCompile Include="src\pk\rsa\rsa_exptmod.c">
      <Filter>pk\rsa</Filter>
    </ClCompile>
    <ClCompile Include="src\pk\rsa\rsa_free.c">
      <Filter>pk\rsa</Filter>
    </ClCompile>
    <ClCompile Include="src\pk\rsa\rsa_import.c">
      <Filter>pk\rsa</Filter>
    </ClCompile>
    <ClCompile Include="src\pk\rsa\rsa_make_key.c">
      <Filter>pk\rsa</Filter>
    </ClCompile>
    <ClCompile Include="src\pk\rsa\rsa_sign_hash.c">
      <Filter>pk\rsa</Filter>
    </ClCompile>
    <ClCompile Include="src\pk\rsa\rsa_verify_hash.c">
      <Filter>pk\rsa</Filter>
    </ClCompile>
    <ClCompile Include="src\prngs\fortuna.c">
      <Filter>prngs</Filter>
    </ClCompile>
    <ClCompile Include="src\prngs\rc4.c">
      <Filter>prngs</Filter>
    </ClCompile>
    <ClCompile Include="src\prngs\rng_get_bytes.c">
      <Filter>prngs</Filter>
    </ClCompile>
    <ClCompile Include="src\prngs\rng_make_prng.c">
      <Filter>prngs</Filter>
    </ClCompile>
    <ClCompile Include="src\prngs\sober128.c">
      <Filter>prngs</Filter>
    </ClCompile>
    <ClCompile Include="src\prngs\sober128tab.c">
      <Filter>prngs</Filter>
    </ClCompile>
    <ClCompile Include="src\prngs\sprng.c">
      <Filter>prngs</Filter>
    </ClCompile>
    <ClCompile Include="src\prngs\yarrow.c">
      <Filter>prngs</Filter>
    </ClCompile>
  </ItemGroup>
  <ItemGroup>
    <ClInclude Include="src\headers\tomcrypt.h">
      <Filter>headers</Filter>
    </ClInclude>
    <ClInclude Include="src\headers\tomcrypt_argchk.h">
      <Filter>headers</Filter>
    </ClInclude>
    <ClInclude Include="src\headers\tomcrypt_cfg.h">
      <Filter>headers</Filter>
    </ClInclude>
    <ClInclude Include="src\headers\tomcrypt_cipher.h">
      <Filter>headers</Filter>
    </ClInclude>
    <ClInclude Include="src\headers\tomcrypt_custom.h">
      <Filter>headers</Filter>
    </ClInclude>
    <ClInclude Include="src\headers\tomcrypt_hash.h">
      <Filter>headers</Filter>
    </ClInclude>
    <ClInclude Include="src\headers\tomcrypt_mac.h">
      <Filter>headers</Filter>
    </ClInclude>
    <ClInclude Include="src\headers\tomcrypt_macros.h">
      <Filter>headers</Filter>
    </ClInclude>
    <ClInclude Include="src\headers\tomcrypt_math.h">
      <Filter>headers</Filter>
    </ClInclude>
    <ClInclude Include="src\headers\tomcrypt_misc.h">
      <Filter>headers</Filter>
    </ClInclude>
    <ClInclude Include="src\headers\tomcrypt_pk.h">
      <Filter>headers</Filter>
    </ClInclude>
    <ClInclude Include="src\headers\tomcrypt_pkcs.h">
      <Filter>headers</Filter>
    </ClInclude>
    <ClInclude Include="src\headers\tomcrypt_prng.h">
      <Filter>headers</Filter>
    </ClInclude>
  </ItemGroup>
  <ItemGroup>
    <Filter Include="ciphers">
      <UniqueIdentifier>{8979754f-246a-4ed3-8a66-ab4440c9d87d}</UniqueIdentifier>
    </Filter>
    <Filter Include="ciphers\aes">
      <UniqueIdentifier>{908b9a17-6b11-4420-b2ba-cd35d97eba4e}</UniqueIdentifier>
    </Filter>
    <Filter Include="ciphers\safer">
      <UniqueIdentifier>{c8a64bb8-47f0-4e38-b50f-ad665cb49e15}</UniqueIdentifier>
    </Filter>
    <Filter Include="ciphers\twofish">
      <UniqueIdentifier>{a476a1ca-0cff-48de-b9ac-d19df0c0bef7}</UniqueIdentifier>
    </Filter>
    <Filter Include="encauth">
      <UniqueIdentifier>{68e8ea65-65b2-41ed-ae96-9054fc658bf8}</UniqueIdentifier>
    </Filter>
    <Filter Include="encauth\ccm">
      <UniqueIdentifier>{9a5c9945-db34-452f-b2d1-49cc099d6de8}</UniqueIdentifier>
    </Filter>
    <Filter Include="encauth\eax">
      <UniqueIdentifier>{36901dc8-6cad-48e2-807c-20a8a193d7cf}</UniqueIdentifier>
    </Filter>
    <Filter Include="encauth\gcm">
      <UniqueIdentifier>{2eccf5cb-9b70-407d-a4ce-9381939c4885}</UniqueIdentifier>
    </Filter>
    <Filter Include="encauth\ocb">
      <UniqueIdentifier>{8bd0a0b3-b761-446f-b1ab-a4f30833a8b5}</UniqueIdentifier>
    </Filter>
    <Filter Include="hashes">
      <UniqueIdentifier>{b121397b-b253-45a9-9ec2-ae04a1043ebb}</UniqueIdentifier>
    </Filter>
    <Filter Include="hashes\helper">
      <UniqueIdentifier>{7aa938f1-2716-4f32-8753-0e5fbabbb5fc}</UniqueIdentifier>
    </Filter>
    <Filter Include="hashes\sha2">
      <UniqueIdentifier>{d1ec3ee4-4665-4085-b7bc-1252eb5da555}</UniqueIdentifier>
    </Filter>
    <Filter Include="hashes\whirl">
      <UniqueIdentifier>{91ee6912-7b47-4d99-9688-ab9c07ef71d1}</UniqueIdentifier>
    </Filter>
    <Filter Include="headers">
      <UniqueIdentifier>{76e340ae-0788-4e8b-9857-aa47a47c984d}</UniqueIdentifier>
    </Filter>
    <Filter Include="mac">
      <UniqueIdentifier>{022be27f-ce1a-434c-aa20-550806c76949}</UniqueIdentifier>
    </Filter>
    <Filter Include="mac\f9">
      <UniqueIdentifier>{8c5e94d4-cd71-4e66-89d4-f81570f47e15}</UniqueIdentifier>
    </Filter>
    <Filter Include="mac\hmac">
      <UniqueIdentifier>{74bb026b-0832-482b-b57b-4fea8b13a959}</UniqueIdentifier>
    </Filter>
    <Filter Include="mac\omac">
      <UniqueIdentifier>{d60ec819-787a-4d48-b4fc-fdd927020d8d}</UniqueIdentifier>
    </Filter>
    <Filter Include="mac\pelican">
      <UniqueIdentifier>{4a8c72a6-5cc1-4016-9e2b-c70bcb2c7295}</UniqueIdentifier>
    </Filter>
    <Filter Include="mac\pmac">
      <UniqueIdentifier>{676456e1-6b2c-45eb-ae79-76f73dd87e60}</UniqueIdentifier>
    </Filter>
    <Filter Include="mac\xcbc">
      <UniqueIdentifier>{3aea8e36-faea-4f35-b2a9-62be89282014}</UniqueIdentifier>
    </Filter>
    <Filter Include="math">
      <UniqueIdentifier>{195568d4-fb1e-4fa3-bc95-4d8e007cfcf7}</UniqueIdentifier>
    </Filter>
    <Filter Include="math\fp">
      <UniqueIdentifier>{1c074f7f-10ae-499a-8128-b40468f27154}</UniqueIdentifier>
    </Filter>
    <Filter Include="misc">
      <UniqueIdentifier>{80acc867-ffba-486a-b7d4-49c1e40aad06}</UniqueIdentifier>
    </Filter>
    <Filter Include="misc\base64">
      <UniqueIdentifier>{66da3e9c-e529-4130-8c0d-08e655dc4dc3}</UniqueIdentifier>
    </Filter>
    <Filter Include="misc\crypt">
      <UniqueIdentifier>{24d0cff4-3401-419a-be46-309662836aad}</UniqueIdentifier>
    </Filter>
    <Filter Include="misc\pkcs">
      <UniqueIdentifier>{1f750d11-1cbb-4483-b78b-221f6d3446c8}</UniqueIdentifier>
    </Filter>
    <Filter Include="modes">
      <UniqueIdentifier>{a10a27e2-c9e0-4546-9640-2d48e7b997e4}</UniqueIdentifier>
    </Filter>
    <Filter Include="modes\cbc">
      <UniqueIdentifier>{d72e7a4a-7ce8-4602-ae03-28e5624acf16}</UniqueIdentifier>
    </Filter>
    <Filter Include="modes\cfb">
      <UniqueIdentifier>{bc21b1eb-5973-438a-814e-62dc4ad735dc}</UniqueIdentifier>
    </Filter>
    <Filter Include="modes\ctr">
      <UniqueIdentifier>{9dc0444f-f793-49e1-8d28-35b063c3644d}</UniqueIdentifier>
    </Filter>
    <Filter Include="modes\ecb">
      <UniqueIdentifier>{12d2bc53-fd60-42f1-b6ae-4451561851e1}</UniqueIdentifier>
    </Filter>
    <Filter Include="modes\f8">
      <UniqueIdentifier>{5b3545a6-fc7d-45aa-ae63-e699c77683d5}</UniqueIdentifier>
    </Filter>
    <Filter Include="modes\lrw">
      <UniqueIdentifier>{425bf4d0-30bc-4a6b-9ce5-d04d775b76b3}</UniqueIdentifier>
    </Filter>
    <Filter Include="modes\ofb">
      <UniqueIdentifier>{6c015877-9e77-4da5-88a9-e47097a12049}</UniqueIdentifier>
    </Filter>
    <Filter Include="modes\xts">
      <UniqueIdentifier>{acf382db-c978-4f04-a379-32a04e54b37f}</UniqueIdentifier>
    </Filter>
    <Filter Include="pk">
      <UniqueIdentifier>{5c250218-acbf-4c99-bb58-60372ef51a0a}</UniqueIdentifier>
    </Filter>
    <Filter Include="pk\asn1">
      <UniqueIdentifier>{4901617e-9f66-4a32-954d-1b1c28029d8d}</UniqueIdentifier>
    </Filter>
    <Filter Include="pk\asn1\der">
      <UniqueIdentifier>{545ef840-d3fd-49d9-a9b8-572f9ea7463c}</UniqueIdentifier>
    </Filter>
    <Filter Include="pk\asn1\der\bit">
      <UniqueIdentifier>{ce2579a1-b9b9-4ff2-94e0-bd27cce66ab9}</UniqueIdentifier>
    </Filter>
    <Filter Include="pk\asn1\der\boolean">
      <UniqueIdentifier>{cb0ed912-6027-45b4-802c-1dc6921d82de}</UniqueIdentifier>
    </Filter>
    <Filter Include="pk\asn1\der\choice">
      <UniqueIdentifier>{871b13f3-3d29-45a4-b762-8e7d23454a4b}</UniqueIdentifier>
    </Filter>
    <Filter Include="pk\asn1\der\ia5">
      <UniqueIdentifier>{625964ba-56cb-4b86-9d43-b2b075e59c6a}</UniqueIdentifier>
    </Filter>
    <Filter Include="pk\asn1\der\integer">
      <UniqueIdentifier>{c4ad1fdb-6f6a-48c5-ab14-baf398cab143}</UniqueIdentifier>
    </Filter>
    <Filter Include="pk\asn1\der\object_identifier">
      <UniqueIdentifier>{5141ad27-2d59-4f0a-a804-c0bbbc68a5f1}</UniqueIdentifier>
    </Filter>
    <Filter Include="pk\asn1\der\octet">
      <UniqueIdentifier>{9ad627ca-4183-49f7-b17b-0146c7fc7e26}</UniqueIdentifier>
    </Filter>
    <Filter Include="pk\asn1\der\printable_string">
      <UniqueIdentifier>{427bf6aa-087c-4980-8d94-927a19cd940e}</UniqueIdentifier>
    </Filter>
    <Filter Include="pk\asn1\der\sequence">
      <UniqueIdentifier>{b640487c-93f0-4161-9f6a-f84df03da812}</UniqueIdentifier>
    </Filter>
    <Filter Include="pk\asn1\der\set">
      <UniqueIdentifier>{4a990f9d-6a45-4955-b55f-e779fd47740d}</UniqueIdentifier>
    </Filter>
    <Filter Include="pk\asn1\der\short_integer">
      <UniqueIdentifier>{3092abb9-2a1c-4a6f-b70e-3f4c357ab1e3}</UniqueIdentifier>
    </Filter>
    <Filter Include="pk\asn1\der\utctime">
      <UniqueIdentifier>{409c065b-aebc-4233-9c69-b3b4163ecc39}</UniqueIdentifier>
    </Filter>
    <Filter Include="pk\asn1\der\utf8">
      <UniqueIdentifier>{8aecf7f7-466f-49f5-95d7-58f491424d92}</UniqueIdentifier>
    </Filter>
    <Filter Include="pk\dsa">
      <UniqueIdentifier>{faf316e7-a9b6-4988-926a-568a21a1a7e5}</UniqueIdentifier>
    </Filter>
    <Filter Include="pk\ecc">
      <UniqueIdentifier>{c0bf80f2-ff59-40e5-b82a-1d9c13d19c98}</UniqueIdentifier>
    </Filter>
    <Filter Include="pk\katja">
      <UniqueIdentifier>{c1104f62-d909-4859-a850-344f621822b7}</UniqueIdentifier>
    </Filter>
    <Filter Include="pk\pkcs1">
      <UniqueIdentifier>{e78f65ea-2725-4931-8455-2fa795ac2f2e}</UniqueIdentifier>
    </Filter>
    <Filter Include="pk\rsa">
      <UniqueIdentifier>{e7cf026f-ea9b-402e-8719-5f3daa5625b8}</UniqueIdentifier>
    </Filter>
    <Filter Include="prngs">
      <UniqueIdentifier>{a961b2e6-935e-4483-a10e-778db14685a8}</UniqueIdentifier>
    </Filter>
  </ItemGroup>
</Project>