<?xml version="1.0" encoding="utf-8"?>
<Project ToolsVersion="4.0" xmlns="http://schemas.microsoft.com/developer/msbuild/2003">
  <ItemGroup>
    <Filter Include="ciphers">
      <UniqueIdentifier>{b69e6574-6390-4bfb-901d-26af915dffe0}</UniqueIdentifier>
    </Filter>
    <Filter Include="ciphers\aes">
      <UniqueIdentifier>{59db547d-5195-4b16-9e4e-07fd2e55df53}</UniqueIdentifier>
    </Filter>
    <Filter Include="ciphers\safer">
      <UniqueIdentifier>{4dae0e94-c5e6-43e2-999d-794e1b89e35e}</UniqueIdentifier>
    </Filter>
    <Filter Include="ciphers\twofish">
      <UniqueIdentifier>{4421637d-db12-43cd-92f6-fae98d0b899d}</UniqueIdentifier>
    </Filter>
    <Filter Include="encauth">
      <UniqueIdentifier>{2e297369-b5d5-48bc-9e8d-1b205f102d81}</UniqueIdentifier>
    </Filter>
    <Filter Include="encauth\ccm">
      <UniqueIdentifier>{93ff6187-9fa9-4a65-8fb7-be8d3bdcfede}</UniqueIdentifier>
    </Filter>
    <Filter Include="encauth\eax">
      <UniqueIdentifier>{5bbe29fd-c6e7-420c-aef0-3e2e703b2ae3}</UniqueIdentifier>
    </Filter>
    <Filter Include="encauth\gcm">
      <UniqueIdentifier>{b76260ea-9579-43d8-ba21-c4511b2e8f13}</UniqueIdentifier>
    </Filter>
    <Filter Include="encauth\ocb">
      <UniqueIdentifier>{10153496-c5ca-4531-83d2-dc1313d160f8}</UniqueIdentifier>
    </Filter>
    <Filter Include="hashes">
      <UniqueIdentifier>{76565287-fad4-4da8-b7ed-751b7f84f08d}</UniqueIdentifier>
    </Filter>
    <Filter Include="hashes\helper">
      <UniqueIdentifier>{b86908b7-51d3-4b9e-8892-c38c3b5b5946}</UniqueIdentifier>
    </Filter>
    <Filter Include="hashes\sha2">
      <UniqueIdentifier>{0ba20e95-c63e-455c-8570-57a9f3b6647c}</UniqueIdentifier>
    </Filter>
    <Filter Include="hashes\whirl">
      <UniqueIdentifier>{9b15ea2a-bf0f-45ac-b855-f697d46d6fdb}</UniqueIdentifier>
    </Filter>
    <Filter Include="headers">
      <UniqueIdentifier>{4476de83-4cd8-450c-83a2-d945e9f618be}</UniqueIdentifier>
    </Filter>
    <Filter Include="mac">
      <UniqueIdentifier>{be99f185-a5e2-4a28-9b1f-308c7e73ff79}</UniqueIdentifier>
    </Filter>
    <Filter Include="mac\f9">
      <UniqueIdentifier>{86774c92-e7f2-4358-895b-370718d3a0c2}</UniqueIdentifier>
    </Filter>
    <Filter Include="mac\hmac">
      <UniqueIdentifier>{0adbb751-ab56-4626-a9cc-eb1cda475a47}</UniqueIdentifier>
    </Filter>
    <Filter Include="mac\omac">
      <UniqueIdentifier>{68556d1f-f809-46ee-a3ec-4fe067f80c1c}</UniqueIdentifier>
    </Filter>
    <Filter Include="mac\pelican">
      <UniqueIdentifier>{e511aaed-9fec-46de-b7a5-e5a72606a8a2}</UniqueIdentifier>
    </Filter>
    <Filter Include="mac\pmac">
      <UniqueIdentifier>{f927e130-782d-4e97-8aed-f9bba0d4b475}</UniqueIdentifier>
    </Filter>
    <Filter Include="mac\xcbc">
      <UniqueIdentifier>{3a2ee552-0fdc-4a31-86dc-1867978ebc53}</UniqueIdentifier>
    </Filter>
    <Filter Include="math">
      <UniqueIdentifier>{c2eed59f-bb71-4105-8184-82928a774530}</UniqueIdentifier>
    </Filter>
    <Filter Include="math\fp">
      <UniqueIdentifier>{4f11b56c-d8ff-48f3-ac9e-27db693b1f56}</UniqueIdentifier>
    </Filter>
    <Filter Include="misc">
      <UniqueIdentifier>{91ddfb35-7c28-4b36-bda4-7580e3d9c06f}</UniqueIdentifier>
    </Filter>
    <Filter Include="misc\base64">
      <UniqueIdentifier>{c7dcb174-a28b-4fbf-8b2c-cbf5da7ab243}</UniqueIdentifier>
    </Filter>
    <Filter Include="misc\crypt">
      <UniqueIdentifier>{4536df90-5c9b-4c42-9908-819f7411a711}</UniqueIdentifier>
    </Filter>
    <Filter Include="misc\pkcs">
      <UniqueIdentifier>{e3b4f729-92fe-49a8-829f-a96407fefccb}</UniqueIdentifier>
    </Filter>
    <Filter Include="modes">
      <UniqueIdentifier>{ce6e1edb-d5a6-4156-9334-3549d3cdd386}</UniqueIdentifier>
    </Filter>
    <Filter Include="modes\cbc">
      <UniqueIdentifier>{d84ced13-f93e-4d02-b1ea-229374ef46a9}</UniqueIdentifier>
    </Filter>
    <Filter Include="modes\cfb">
      <UniqueIdentifier>{f89a2c52-9c62-401c-a0fb-46d29414b651}</UniqueIdentifier>
    </Filter>
    <Filter Include="modes\ctr">
      <UniqueIdentifier>{9506092d-2284-4e08-9e9d-77042d53d225}</UniqueIdentifier>
    </Filter>
    <Filter Include="modes\ecb">
      <UniqueIdentifier>{7bdf3189-8482-4376-8756-90c05876f15c}</UniqueIdentifier>
    </Filter>
    <Filter Include="modes\f8">
      <UniqueIdentifier>{92c68676-5121-4dc0-a427-cae97c828435}</UniqueIdentifier>
    </Filter>
    <Filter Include="modes\lrw">
      <UniqueIdentifier>{b478a54e-11cc-496d-8607-091f1f1d8a28}</UniqueIdentifier>
    </Filter>
    <Filter Include="modes\ofb">
      <UniqueIdentifier>{818ae9e3-a30e-47e4-826c-92979711ae3a}</UniqueIdentifier>
    </Filter>
    <Filter Include="modes\xts">
      <UniqueIdentifier>{2cdb902f-0d29-456b-b0a5-b79c0eac41c7}</UniqueIdentifier>
    </Filter>
    <Filter Include="pk">
      <UniqueIdentifier>{cfe8a163-d1c1-44fe-ad40-97f9ac837c58}</UniqueIdentifier>
    </Filter>
    <Filter Include="pk\asn1">
      <UniqueIdentifier>{0c2902fd-cf5e-4680-b3bc-1d863438143f}</UniqueIdentifier>
    </Filter>
    <Filter Include="pk\asn1\der">
      <UniqueIdentifier>{13f2f12b-5b33-4762-8cf4-a2bffeaa6579}</UniqueIdentifier>
    </Filter>
    <Filter Include="pk\asn1\der\bit">
      <UniqueIdentifier>{752e3482-1a73-4b86-b850-51e03da3937e}</UniqueIdentifier>
    </Filter>
    <Filter Include="pk\asn1\der\boolean">
      <UniqueIdentifier>{d37ef242-e195-4760-9a95-0b3b86a3e860}</UniqueIdentifier>
    </Filter>
    <Filter Include="pk\asn1\der\choice">
      <UniqueIdentifier>{a53e535c-c10b-458f-91e9-8e98001982d2}</UniqueIdentifier>
    </Filter>
    <Filter Include="pk\asn1\der\ia5">
      <UniqueIdentifier>{6b796e25-9fae-4d5c-94e3-0827fa039404}</UniqueIdentifier>
    </Filter>
    <Filter Include="pk\asn1\der\integer">
      <UniqueIdentifier>{d9afb68c-c653-4568-9d1c-c2715c11541c}</UniqueIdentifier>
    </Filter>
    <Filter Include="pk\asn1\der\object_identifier">
      <UniqueIdentifier>{3e1889e9-2db0-4776-bb5d-3a53a9660674}</UniqueIdentifier>
    </Filter>
    <Filter Include="pk\asn1\der\octet">
      <UniqueIdentifier>{68a96117-60b7-4a6f-a41d-f1dfd7ca77c3}</UniqueIdentifier>
    </Filter>
    <Filter Include="pk\asn1\der\printable_string">
      <UniqueIdentifier>{773dd5f0-b02d-4ceb-99f4-1852a8fff393}</UniqueIdentifier>
    </Filter>
    <Filter Include="pk\asn1\der\sequence">
      <UniqueIdentifier>{e406b144-ddbd-4844-86ae-58f0fd75f932}</UniqueIdentifier>
    </Filter>
    <Filter Include="pk\asn1\der\set">
      <UniqueIdentifier>{dee97734-bb46-4abb-8d9e-8fb8c5b54a0a}</UniqueIdentifier>
    </Filter>
    <Filter Include="pk\asn1\der\short_integer">
      <UniqueIdentifier>{79b373af-1c92-4d92-875a-27fafba1fa56}</UniqueIdentifier>
    </Filter>
    <Filter Include="pk\asn1\der\utctime">
      <UniqueIdentifier>{9cf87be1-b776-406e-9b7d-1c5460a928e4}</UniqueIdentifier>
    </Filter>
    <Filter Include="pk\asn1\der\utf8">
      <UniqueIdentifier>{108c2614-102e-4bba-806d-5630f61b34c7}</UniqueIdentifier>
    </Filter>
    <Filter Include="pk\dsa">
      <UniqueIdentifier>{03ba5b4d-0035-4fcd-b048-63f5091af975}</UniqueIdentifier>
    </Filter>
    <Filter Include="pk\ecc">
      <UniqueIdentifier>{4a9fcc99-67e1-4a73-b66b-777d811496a6}</UniqueIdentifier>
    </Filter>
    <Filter Include="pk\katja">
      <UniqueIdentifier>{23c18df1-7738-4915-a0c0-dcf306481622}</UniqueIdentifier>
    </Filter>
    <Filter Include="pk\pkcs1">
      <UniqueIdentifier>{ae830d13-af4d-4656-944a-868135b41252}</UniqueIdentifier>
    </Filter>
    <Filter Include="pk\rsa">
      <UniqueIdentifier>{784f0c66-6a35-4ff7-9bad-37692cc77136}</UniqueIdentifier>
    </Filter>
    <Filter Include="prngs">
      <UniqueIdentifier>{48168d0a-1450-405f-9ef7-aa013d94b339}</UniqueIdentifier>
    </Filter>
  </ItemGroup>
  <ItemGroup>
    <ClCompile Include="src\ciphers\anubis.c">
      <Filter>ciphers</Filter>
    </ClCompile>
    <ClCompile Include="src\ciphers\blowfish.c">
      <Filter>ciphers</Filter>
    </ClCompile>
    <ClCompile Include="src\ciphers\cast5.c">
      <Filter>ciphers</Filter>
    </ClCompile>
    <ClCompile Include="src\ciphers\des.c">
      <Filter>ciphers</Filter>
    </ClCompile>
    <ClCompile Include="src\ciphers\kasumi.c">
      <Filter>ciphers</Filter>
    </ClCompile>
    <ClCompile Include="src\ciphers\khazad.c">
      <Filter>ciphers</Filter>
    </ClCompile>
    <ClCompile Include="src\ciphers\kseed.c">
      <Filter>ciphers</Filter>
    </ClCompile>
    <ClCompile Include="src\ciphers\multi2.c">
      <Filter>ciphers</Filter>
    </ClCompile>
    <ClCompile Include="src\ciphers\noekeon.c">
      <Filter>ciphers</Filter>
    </ClCompile>
    <ClCompile Include="src\ciphers\rc2.c">
      <Filter>ciphers</Filter>
    </ClCompile>
    <ClCompile Include="src\ciphers\rc5.c">
      <Filter>ciphers</Filter>
    </ClCompile>
    <ClCompile Include="src\ciphers\rc6.c">
      <Filter>ciphers</Filter>
    </ClCompile>
    <ClCompile Include="src\ciphers\skipjack.c">
      <Filter>ciphers</Filter>
    </ClCompile>
    <ClCompile Include="src\ciphers\xtea.c">
      <Filter>ciphers</Filter>
    </ClCompile>
    <ClCompile Include="src\ciphers\aes\aes_tab.c">
      <Filter>ciphers\aes</Filter>
    </ClCompile>
    <ClCompile Include="src\ciphers\aes\aes.c">
      <Filter>ciphers\aes</Filter>
    </ClCompile>
    <ClCompile Include="src\ciphers\safer\safer.c">
      <Filter>ciphers\safer</Filter>
    </ClCompile>
    <ClCompile Include="src\ciphers\safer\safer_tab.c">
      <Filter>ciphers\safer</Filter>
    </ClCompile>
    <ClCompile Include="src\ciphers\safer\saferp.c">
      <Filter>ciphers\safer</Filter>
    </ClCompile>
    <ClCompile Include="src\ciphers\twofish\twofish.c">
      <Filter>ciphers\twofish</Filter>
    </ClCompile>
    <ClCompile Include="src\ciphers\twofish\twofish_tab.c">
      <Filter>ciphers\twofish</Filter>
    </ClCompile>
    <ClCompile Include="src\encauth\ccm\ccm_memory.c">
      <Filter>encauth\ccm</Filter>
    </ClCompile>
    <ClCompile Include="src\encauth\ccm\ccm_test.c">
      <Filter>encauth\ccm</Filter>
    </ClCompile>
    <ClCompile Include="src\encauth\eax\eax_addheader.c">
      <Filter>encauth\eax</Filter>
    </ClCompile>
    <ClCompile Include="src\encauth\eax\eax_decrypt.c">
      <Filter>encauth\eax</Filter>
    </ClCompile>
    <ClCompile Include="src\encauth\eax\eax_decrypt_verify_memory.c">
      <Filter>encauth\eax</Filter>
    </ClCompile>
    <ClCompile Include="src\encauth\eax\eax_done.c">
      <Filter>encauth\eax</Filter>
    </ClCompile>
    <ClCompile Include="src\encauth\eax\eax_encrypt.c">
      <Filter>encauth\eax</Filter>
    </ClCompile>
    <ClCompile Include="src\encauth\eax\eax_encrypt_authenticate_memory.c">
      <Filter>encauth\eax</Filter>
    </ClCompile>
    <ClCompile Include="src\encauth\eax\eax_init.c">
      <Filter>encauth\eax</Filter>
    </ClCompile>
    <ClCompile Include="src\encauth\eax\eax_test.c">
      <Filter>encauth\eax</Filter>
    </ClCompile>
    <ClCompile Include="src\encauth\gcm\gcm_add_aad.c">
      <Filter>encauth\gcm</Filter>
    </ClCompile>
    <ClCompile Include="src\encauth\gcm\gcm_add_iv.c">
      <Filter>encauth\gcm</Filter>
    </ClCompile>
    <ClCompile Include="src\encauth\gcm\gcm_done.c">
      <Filter>encauth\gcm</Filter>
    </ClCompile>
    <ClCompile Include="src\encauth\gcm\gcm_gf_mult.c">
      <Filter>encauth\gcm</Filter>
    </ClCompile>
    <ClCompile Include="src\encauth\gcm\gcm_init.c">
      <Filter>encauth\gcm</Filter>
    </ClCompile>
    <ClCompile Include="src\encauth\gcm\gcm_memory.c">
      <Filter>encauth\gcm</Filter>
    </ClCompile>
    <ClCompile Include="src\encauth\gcm\gcm_mult_h.c">
      <Filter>encauth\gcm</Filter>
    </ClCompile>
    <ClCompile Include="src\encauth\gcm\gcm_process.c">
      <Filter>encauth\gcm</Filter>
    </ClCompile>
    <ClCompile Include="src\encauth\gcm\gcm_reset.c">
      <Filter>encauth\gcm</Filter>
    </ClCompile>
    <ClCompile Include="src\encauth\gcm\gcm_test.c">
      <Filter>encauth\gcm</Filter>
    </ClCompile>
    <ClCompile Include="src\encauth\ocb\ocb_decrypt.c">
      <Filter>encauth\ocb</Filter>
    </ClCompile>
    <ClCompile Include="src\encauth\ocb\ocb_decrypt_verify_memory.c">
      <Filter>encauth\ocb</Filter>
    </ClCompile>
    <ClCompile Include="src\encauth\ocb\ocb_done_decrypt.c">
      <Filter>encauth\ocb</Filter>
    </ClCompile>
    <ClCompile Include="src\encauth\ocb\ocb_done_encrypt.c">
      <Filter>encauth\ocb</Filter>
    </ClCompile>
    <ClCompile Include="src\encauth\ocb\ocb_encrypt.c">
      <Filter>encauth\ocb</Filter>
    </ClCompile>
    <ClCompile Include="src\encauth\ocb\ocb_encrypt_authenticate_memory.c">
      <Filter>encauth\ocb</Filter>
    </ClCompile>
    <ClCompile Include="src\encauth\ocb\ocb_init.c">
      <Filter>encauth\ocb</Filter>
    </ClCompile>
    <ClCompile Include="src\encauth\ocb\ocb_ntz.c">
      <Filter>encauth\ocb</Filter>
    </ClCompile>
    <ClCompile Include="src\encauth\ocb\ocb_shift_xor.c">
      <Filter>encauth\ocb</Filter>
    </ClCompile>
    <ClCompile Include="src\encauth\ocb\ocb_test.c">
      <Filter>encauth\ocb</Filter>
    </ClCompile>
    <ClCompile Include="src\encauth\ocb\s_ocb_done.c">
      <Filter>encauth\ocb</Filter>
    </ClCompile>
    <ClCompile Include="src\hashes\chc\chc.c">
      <Filter>hashes</Filter>
    </ClCompile>
    <ClCompile Include="src\hashes\md2.c">
      <Filter>hashes</Filter>
    </ClCompile>
    <ClCompile Include="src\hashes\md4.c">
      <Filter>hashes</Filter>
    </ClCompile>
    <ClCompile Include="src\hashes\md5.c">
      <Filter>hashes</Filter>
    </ClCompile>
    <ClCompile Include="src\hashes\rmd128.c">
      <Filter>hashes</Filter>
    </ClCompile>
    <ClCompile Include="src\hashes\rmd160.c">
      <Filter>hashes</Filter>
    </ClCompile>
    <ClCompile Include="src\hashes\rmd256.c">
      <Filter>hashes</Filter>
    </ClCompile>
    <ClCompile Include="src\hashes\rmd320.c">
      <Filter>hashes</Filter>
    </ClCompile>
    <ClCompile Include="src\hashes\sha1.c">
      <Filter>hashes</Filter>
    </ClCompile>
    <ClCompile Include="src\hashes\tiger.c">
      <Filter>hashes</Filter>
    </ClCompile>
    <ClCompile Include="src\hashes\helper\hash_file.c">
      <Filter>hashes\helper</Filter>
    </ClCompile>
    <ClCompile Include="src\hashes\helper\hash_filehandle.c">
      <Filter>hashes\helper</Filter>
    </ClCompile>
    <ClCompile Include="src\hashes\helper\hash_memory.c">
      <Filter>hashes\helper</Filter>
    </ClCompile>
    <ClCompile Include="src\hashes\helper\hash_memory_multi.c">
      <Filter>hashes\helper</Filter>
    </ClCompile>
    <ClCompile Include="src\hashes\sha2\sha224.c">
      <Filter>hashes\sha2</Filter>
    </ClCompile>
    <ClCompile Include="src\hashes\sha2\sha256.c">
      <Filter>hashes\sha2</Filter>
    </ClCompile>
    <ClCompile Include="src\hashes\sha2\sha384.c">
      <Filter>hashes\sha2</Filter>
    </ClCompile>
    <ClCompile Include="src\hashes\sha2\sha512.c">
      <Filter>hashes\sha2</Filter>
    </ClCompile>
    <ClCompile Include="src\hashes\whirl\whirl.c">
      <Filter>hashes\whirl</Filter>
    </ClCompile>
    <ClCompile Include="src\hashes\whirl\whirltab.c">
      <Filter>hashes\whirl</Filter>
    </ClCompile>
    <ClCompile Include="src\mac\f9\f9_done.c">
      <Filter>mac\f9</Filter>
    </ClCompile>
    <ClCompile Include="src\mac\f9\f9_file.c">
      <Filter>mac\f9</Filter>
    </ClCompile>
    <ClCompile Include="src\mac\f9\f9_init.c">
      <Filter>mac\f9</Filter>
    </ClCompile>
    <ClCompile Include="src\mac\f9\f9_memory.c">
      <Filter>mac\f9</Filter>
    </ClCompile>
    <ClCompile Include="src\mac\f9\f9_memory_multi.c">
      <Filter>mac\f9</Filter>
    </ClCompile>
    <ClCompile Include="src\mac\f9\f9_process.c">
      <Filter>mac\f9</Filter>
    </ClCompile>
    <ClCompile Include="src\mac\f9\f9_test.c">
      <Filter>mac\f9</Filter>
    </ClCompile>
    <ClCompile Include="src\mac\hmac\hmac_done.c">
      <Filter>mac\hmac</Filter>
    </ClCompile>
    <ClCompile Include="src\mac\hmac\hmac_file.c">
      <Filter>mac\hmac</Filter>
    </ClCompile>
    <ClCompile Include="src\mac\hmac\hmac_init.c">
      <Filter>mac\hmac</Filter>
    </ClCompile>
    <ClCompile Include="src\mac\hmac\hmac_memory.c">
      <Filter>mac\hmac</Filter>
    </ClCompile>
    <ClCompile Include="src\mac\hmac\hmac_memory_multi.c">
      <Filter>mac\hmac</Filter>
    </ClCompile>
    <ClCompile Include="src\mac\hmac\hmac_process.c">
      <Filter>mac\hmac</Filter>
    </ClCompile>
    <ClCompile Include="src\mac\hmac\hmac_test.c">
      <Filter>mac\hmac</Filter>
    </ClCompile>
    <ClCompile Include="src\mac\omac\omac_done.c">
      <Filter>mac\omac</Filter>
    </ClCompile>
    <ClCompile Include="src\mac\omac\omac_file.c">
      <Filter>mac\omac</Filter>
    </ClCompile>
    <ClCompile Include="src\mac\omac\omac_init.c">
      <Filter>mac\omac</Filter>
    </ClCompile>
    <ClCompile Include="src\mac\omac\omac_memory.c">
      <Filter>mac\omac</Filter>
    </ClCompile>
    <ClCompile Include="src\mac\omac\omac_memory_multi.c">
      <Filter>mac\omac</Filter>
    </ClCompile>
    <ClCompile Include="src\mac\omac\omac_process.c">
      <Filter>mac\omac</Filter>
    </ClCompile>
    <ClCompile Include="src\mac\omac\omac_test.c">
      <Filter>mac\omac</Filter>
    </ClCompile>
    <ClCompile Include="src\mac\pelican\pelican.c">
      <Filter>mac\pelican</Filter>
    </ClCompile>
    <ClCompile Include="src\mac\pelican\pelican_memory.c">
      <Filter>mac\pelican</Filter>
    </ClCompile>
    <ClCompile Include="src\mac\pelican\pelican_test.c">
      <Filter>mac\pelican</Filter>
    </ClCompile>
    <ClCompile Include="src\mac\pmac\pmac_done.c">
      <Filter>mac\pmac</Filter>
    </ClCompile>
    <ClCompile Include="src\mac\pmac\pmac_file.c">
      <Filter>mac\pmac</Filter>
    </ClCompile>
    <ClCompile Include="src\mac\pmac\pmac_init.c">
      <Filter>mac\pmac</Filter>
    </ClCompile>
    <ClCompile Include="src\mac\pmac\pmac_memory.c">
      <Filter>mac\pmac</Filter>
    </ClCompile>
    <ClCompile Include="src\mac\pmac\pmac_memory_multi.c">
      <Filter>mac\pmac</Filter>
    </ClCompile>
    <ClCompile Include="src\mac\pmac\pmac_ntz.c">
      <Filter>mac\pmac</Filter>
    </ClCompile>
    <ClCompile Include="src\mac\pmac\pmac_process.c">
      <Filter>mac\pmac</Filter>
    </ClCompile>
    <ClCompile Include="src\mac\pmac\pmac_shift_xor.c">
      <Filter>mac\pmac</Filter>
    </ClCompile>
    <ClCompile Include="src\mac\pmac\pmac_test.c">
      <Filter>mac\pmac</Filter>
    </ClCompile>
    <ClCompile Include="src\mac\xcbc\xcbc_done.c">
      <Filter>mac\xcbc</Filter>
    </ClCompile>
    <ClCompile Include="src\mac\xcbc\xcbc_file.c">
      <Filter>mac\xcbc</Filter>
    </ClCompile>
    <ClCompile Include="src\mac\xcbc\xcbc_init.c">
      <Filter>mac\xcbc</Filter>
    </ClCompile>
    <ClCompile Include="src\mac\xcbc\xcbc_memory.c">
      <Filter>mac\xcbc</Filter>
    </ClCompile>
    <ClCompile Include="src\mac\xcbc\xcbc_memory_multi.c">
      <Filter>mac\xcbc</Filter>
    </ClCompile>
    <ClCompile Include="src\mac\xcbc\xcbc_process.c">
      <Filter>mac\xcbc</Filter>
    </ClCompile>
    <ClCompile Include="src\mac\xcbc\xcbc_test.c">
      <Filter>mac\xcbc</Filter>
    </ClCompile>
    <ClCompile Include="src\math\gmp_desc.c">
      <Filter>math</Filter>
    </ClCompile>
    <ClCompile Include="src\math\ltm_desc.c">
      <Filter>math</Filter>
    </ClCompile>
    <ClCompile Include="src\math\multi.c">
      <Filter>math</Filter>
    </ClCompile>
    <ClCompile Include="src\math\rand_prime.c">
      <Filter>math</Filter>
    </ClCompile>
    <ClCompile Include="src\math\tfm_desc.c">
      <Filter>math</Filter>
    </ClCompile>
    <ClCompile Include="src\math\fp\ltc_ecc_fp_mulmod.c">
      <Filter>math\fp</Filter>
    </ClCompile>
    <ClCompile Include="src\misc\burn_stack.c">
      <Filter>misc</Filter>
    </ClCompile>
    <ClCompile Include="src\misc\error_to_string.c">
      <Filter>misc</Filter>
    </ClCompile>
    <ClCompile Include="src\misc\zeromem.c">
      <Filter>misc</Filter>
    </ClCompile>
    <ClCompile Include="src\misc\base64\base64_decode.c">
      <Filter>misc\base64</Filter>
    </ClCompile>
    <ClCompile Include="src\misc\base64\base64_encode.c">
      <Filter>misc\base64</Filter>
    </ClCompile>
    <ClCompile Include="src\misc\crypt\crypt.c">
      <Filter>misc\crypt</Filter>
    </ClCompile>
    <ClCompile Include="src\misc\crypt\crypt_argchk.c">
      <Filter>misc\crypt</Filter>
    </ClCompile>
    <ClCompile Include="src\misc\crypt\crypt_cipher_descriptor.c">
      <Filter>misc\crypt</Filter>
    </ClCompile>
    <ClCompile Include="src\misc\crypt\crypt_cipher_is_valid.c">
      <Filter>misc\crypt</Filter>
    </ClCompile>
    <ClCompile Include="src\misc\crypt\crypt_find_cipher.c">
      <Filter>misc\crypt</Filter>
    </ClCompile>
    <ClCompile Include="src\misc\crypt\crypt_find_cipher_any.c">
      <Filter>misc\crypt</Filter>
    </ClCompile>
    <ClCompile Include="src\misc\crypt\crypt_find_cipher_id.c">
      <Filter>misc\crypt</Filter>
    </ClCompile>
    <ClCompile Include="src\misc\crypt\crypt_find_hash.c">
      <Filter>misc\crypt</Filter>
    </ClCompile>
    <ClCompile Include="src\misc\crypt\crypt_find_hash_any.c">
      <Filter>misc\crypt</Filter>
    </ClCompile>
    <ClCompile Include="src\misc\crypt\crypt_find_hash_id.c">
      <Filter>misc\crypt</Filter>
    </ClCompile>
    <ClCompile Include="src\misc\crypt\crypt_find_hash_oid.c">
      <Filter>misc\crypt</Filter>
    </ClCompile>
    <ClCompile Include="src\misc\crypt\crypt_find_prng.c">
      <Filter>misc\crypt</Filter>
    </ClCompile>
    <ClCompile Include="src\misc\crypt\crypt_fsa.c">
      <Filter>misc\crypt</Filter>
    </ClCompile>
    <ClCompile Include="src\misc\crypt\crypt_hash_descriptor.c">
      <Filter>misc\crypt</Filter>
    </ClCompile>
    <ClCompile Include="src\misc\crypt\crypt_hash_is_valid.c">
      <Filter>misc\crypt</Filter>
    </ClCompile>
    <ClCompile Include="src\misc\crypt\crypt_ltc_mp_descriptor.c">
      <Filter>misc\crypt</Filter>
    </ClCompile>
    <ClCompile Include="src\misc\crypt\crypt_prng_descriptor.c">
      <Filter>misc\crypt</Filter>
    </ClCompile>
    <ClCompile Include="src\misc\crypt\crypt_prng_is_valid.c">
      <Filter>misc\crypt</Filter>
    </ClCompile>
    <ClCompile Include="src\misc\crypt\crypt_register_cipher.c">
      <Filter>misc\crypt</Filter>
    </ClCompile>
    <ClCompile Include="src\misc\crypt\crypt_register_hash.c">
      <Filter>misc\crypt</Filter>
    </ClCompile>
    <ClCompile Include="src\misc\crypt\crypt_register_prng.c">
      <Filter>misc\crypt</Filter>
    </ClCompile>
    <ClCompile Include="src\misc\crypt\crypt_unregister_cipher.c">
      <Filter>misc\crypt</Filter>
    </ClCompile>
    <ClCompile Include="src\misc\crypt\crypt_unregister_hash.c">
      <Filter>misc\crypt</Filter>
    </ClCompile>
    <ClCompile Include="src\misc\crypt\crypt_unregister_prng.c">
      <Filter>misc\crypt</Filter>
    </ClCompile>
    <ClCompile Include="src\misc\pkcs5\pkcs_5_1.c">
      <Filter>misc\pkcs</Filter>
    </ClCompile>
    <ClCompile Include="src\misc\pkcs5\pkcs_5_2.c">
      <Filter>misc\pkcs</Filter>
    </ClCompile>
    <ClCompile Include="src\modes\cbc\cbc_decrypt.c">
      <Filter>modes\cbc</Filter>
    </ClCompile>
    <ClCompile Include="src\modes\cbc\cbc_done.c">
      <Filter>modes\cbc</Filter>
    </ClCompile>
    <ClCompile Include="src\modes\cbc\cbc_encrypt.c">
      <Filter>modes\cbc</Filter>
    </ClCompile>
    <ClCompile Include="src\modes\cbc\cbc_getiv.c">
      <Filter>modes\cbc</Filter>
    </ClCompile>
    <ClCompile Include="src\modes\cbc\cbc_setiv.c">
      <Filter>modes\cbc</Filter>
    </ClCompile>
    <ClCompile Include="src\modes\cbc\cbc_start.c">
      <Filter>modes\cbc</Filter>
    </ClCompile>
    <ClCompile Include="src\modes\cfb\cfb_decrypt.c">
      <Filter>modes\cfb</Filter>
    </ClCompile>
    <ClCompile Include="src\modes\cfb\cfb_done.c">
      <Filter>modes\cfb</Filter>
    </ClCompile>
    <ClCompile Include="src\modes\cfb\cfb_encrypt.c">
      <Filter>modes\cfb</Filter>
    </ClCompile>
    <ClCompile Include="src\modes\cfb\cfb_getiv.c">
      <Filter>modes\cfb</Filter>
    </ClCompile>
    <ClCompile Include="src\modes\cfb\cfb_setiv.c">
      <Filter>modes\cfb</Filter>
    </ClCompile>
    <ClCompile Include="src\modes\cfb\cfb_start.c">
      <Filter>modes\cfb</Filter>
    </ClCompile>
    <ClCompile Include="src\modes\ctr\ctr_decrypt.c">
      <Filter>modes\ctr</Filter>
    </ClCompile>
    <ClCompile Include="src\modes\ctr\ctr_done.c">
      <Filter>modes\ctr</Filter>
    </ClCompile>
    <ClCompile Include="src\modes\ctr\ctr_encrypt.c">
      <Filter>modes\ctr</Filter>
    </ClCompile>
    <ClCompile Include="src\modes\ctr\ctr_getiv.c">
      <Filter>modes\ctr</Filter>
    </ClCompile>
    <ClCompile Include="src\modes\ctr\ctr_setiv.c">
      <Filter>modes\ctr</Filter>
    </ClCompile>
    <ClCompile Include="src\modes\ctr\ctr_start.c">
      <Filter>modes\ctr</Filter>
    </ClCompile>
    <ClCompile Include="src\modes\ctr\ctr_test.c">
      <Filter>modes\ctr</Filter>
    </ClCompile>
    <ClCompile Include="src\modes\ecb\ecb_decrypt.c">
      <Filter>modes\ecb</Filter>
    </ClCompile>
    <ClCompile Include="src\modes\ecb\ecb_done.c">
      <Filter>modes\ecb</Filter>
    </ClCompile>
    <ClCompile Include="src\modes\ecb\ecb_encrypt.c">
      <Filter>modes\ecb</Filter>
    </ClCompile>
    <ClCompile Include="src\modes\ecb\ecb_start.c">
      <Filter>modes\ecb</Filter>
    </ClCompile>
    <ClCompile Include="src\modes\f8\f8_decrypt.c">
      <Filter>modes\f8</Filter>
    </ClCompile>
    <ClCompile Include="src\modes\f8\f8_done.c">
      <Filter>modes\f8</Filter>
    </ClCompile>
    <ClCompile Include="src\modes\f8\f8_encrypt.c">
      <Filter>modes\f8</Filter>
    </ClCompile>
    <ClCompile Include="src\modes\f8\f8_getiv.c">
      <Filter>modes\f8</Filter>
    </ClCompile>
    <ClCompile Include="src\modes\f8\f8_setiv.c">
      <Filter>modes\f8</Filter>
    </ClCompile>
    <ClCompile Include="src\modes\f8\f8_start.c">
      <Filter>modes\f8</Filter>
    </ClCompile>
    <ClCompile Include="src\modes\f8\f8_test_mode.c">
      <Filter>modes\f8</Filter>
    </ClCompile>
    <ClCompile Include="src\modes\lrw\lrw_decrypt.c">
      <Filter>modes\lrw</Filter>
    </ClCompile>
    <ClCompile Include="src\modes\lrw\lrw_done.c">
      <Filter>modes\lrw</Filter>
    </ClCompile>
    <ClCompile Include="src\modes\lrw\lrw_encrypt.c">
      <Filter>modes\lrw</Filter>
    </ClCompile>
    <ClCompile Include="src\modes\lrw\lrw_getiv.c">
      <Filter>modes\lrw</Filter>
    </ClCompile>
    <ClCompile Include="src\modes\lrw\lrw_process.c">
      <Filter>modes\lrw</Filter>
    </ClCompile>
    <ClCompile Include="src\modes\lrw\lrw_setiv.c">
      <Filter>modes\lrw</Filter>
    </ClCompile>
    <ClCompile Include="src\modes\lrw\lrw_start.c">
      <Filter>modes\lrw</Filter>
    </ClCompile>
    <ClCompile Include="src\modes\lrw\lrw_test.c">
      <Filter>modes\lrw</Filter>
    </ClCompile>
    <ClCompile Include="src\modes\ofb\ofb_decrypt.c">
      <Filter>modes\ofb</Filter>
    </ClCompile>
    <ClCompile Include="src\modes\ofb\ofb_done.c">
      <Filter>modes\ofb</Filter>
    </ClCompile>
    <ClCompile Include="src\modes\ofb\ofb_encrypt.c">
      <Filter>modes\ofb</Filter>
    </ClCompile>
    <ClCompile Include="src\modes\ofb\ofb_getiv.c">
      <Filter>modes\ofb</Filter>
    </ClCompile>
    <ClCompile Include="src\modes\ofb\ofb_setiv.c">
      <Filter>modes\ofb</Filter>
    </ClCompile>
    <ClCompile Include="src\modes\ofb\ofb_start.c">
      <Filter>modes\ofb</Filter>
    </ClCompile>
    <ClCompile Include="src\modes\xts\xts_decrypt.c">
      <Filter>modes\xts</Filter>
    </ClCompile>
    <ClCompile Include="src\modes\xts\xts_done.c">
      <Filter>modes\xts</Filter>
    </ClCompile>
    <ClCompile Include="src\modes\xts\xts_encrypt.c">
      <Filter>modes\xts</Filter>
    </ClCompile>
    <ClCompile Include="src\modes\xts\xts_init.c">
      <Filter>modes\xts</Filter>
    </ClCompile>
    <ClCompile Include="src\modes\xts\xts_mult_x.c">
      <Filter>modes\xts</Filter>
    </ClCompile>
    <ClCompile Include="src\modes\xts\xts_test.c">
      <Filter>modes\xts</Filter>
    </ClCompile>
    <ClCompile Include="src\pk\asn1\der\bit\der_decode_bit_string.c">
      <Filter>pk\asn1\der\bit</Filter>
    </ClCompile>
    <ClCompile Include="src\pk\asn1\der\bit\der_encode_bit_string.c">
      <Filter>pk\asn1\der\bit</Filter>
    </ClCompile>
    <ClCompile Include="src\pk\asn1\der\bit\der_length_bit_string.c">
      <Filter>pk\asn1\der\bit</Filter>
    </ClCompile>
    <ClCompile Include="src\pk\asn1\der\boolean\der_decode_boolean.c">
      <Filter>pk\asn1\der\boolean</Filter>
    </ClCompile>
    <ClCompile Include="src\pk\asn1\der\boolean\der_encode_boolean.c">
      <Filter>pk\asn1\der\boolean</Filter>
    </ClCompile>
    <ClCompile Include="src\pk\asn1\der\boolean\der_length_boolean.c">
      <Filter>pk\asn1\der\boolean</Filter>
    </ClCompile>
    <ClCompile Include="src\pk\asn1\der\choice\der_decode_choice.c">
      <Filter>pk\asn1\der\choice</Filter>
    </ClCompile>
    <ClCompile Include="src\pk\asn1\der\ia5\der_decode_ia5_string.c">
      <Filter>pk\asn1\der\ia5</Filter>
    </ClCompile>
    <ClCompile Include="src\pk\asn1\der\ia5\der_encode_ia5_string.c">
      <Filter>pk\asn1\der\ia5</Filter>
    </ClCompile>
    <ClCompile Include="src\pk\asn1\der\ia5\der_length_ia5_string.c">
      <Filter>pk\asn1\der\ia5</Filter>
    </ClCompile>
    <ClCompile Include="src\pk\asn1\der\integer\der_decode_integer.c">
      <Filter>pk\asn1\der\integer</Filter>
    </ClCompile>
    <ClCompile Include="src\pk\asn1\der\integer\der_encode_integer.c">
      <Filter>pk\asn1\der\integer</Filter>
    </ClCompile>
    <ClCompile Include="src\pk\asn1\der\integer\der_length_integer.c">
      <Filter>pk\asn1\der\integer</Filter>
    </ClCompile>
    <ClCompile Include="src\pk\asn1\der\object_identifier\der_decode_object_identifier.c">
      <Filter>pk\asn1\der\object_identifier</Filter>
    </ClCompile>
    <ClCompile Include="src\pk\asn1\der\object_identifier\der_encode_object_identifier.c">
      <Filter>pk\asn1\der\object_identifier</Filter>
    </ClCompile>
    <ClCompile Include="src\pk\asn1\der\object_identifier\der_length_object_identifier.c">
      <Filter>pk\asn1\der\object_identifier</Filter>
    </ClCompile>
    <ClCompile Include="src\pk\asn1\der\octet\der_decode_octet_string.c">
      <Filter>pk\asn1\der\octet</Filter>
    </ClCompile>
    <ClCompile Include="src\pk\asn1\der\octet\der_encode_octet_string.c">
      <Filter>pk\asn1\der\octet</Filter>
    </ClCompile>
    <ClCompile Include="src\pk\asn1\der\octet\der_length_octet_string.c">
      <Filter>pk\asn1\der\octet</Filter>
    </ClCompile>
    <ClCompile Include="src\pk\asn1\der\printable_string\der_decode_printable_string.c">
      <Filter>pk\asn1\der\printable_string</Filter>
    </ClCompile>
    <ClCompile Include="src\pk\asn1\der\printable_string\der_encode_printable_string.c">
      <Filter>pk\asn1\der\printable_string</Filter>
    </ClCompile>
    <ClCompile Include="src\pk\asn1\der\printable_string\der_length_printable_string.c">
      <Filter>pk\asn1\der\printable_string</Filter>
    </ClCompile>
    <ClCompile Include="src\pk\asn1\der\sequence\der_decode_sequence_ex.c">
      <Filter>pk\asn1\der\sequence</Filter>
    </ClCompile>
    <ClCompile Include="src\pk\asn1\der\sequence\der_decode_sequence_flexi.c">
      <Filter>pk\asn1\der\sequence</Filter>
    </ClCompile>
    <ClCompile Include="src\pk\asn1\der\sequence\der_decode_sequence_multi.c">
      <Filter>pk\asn1\der\sequence</Filter>
    </ClCompile>
    <ClCompile Include="src\pk\asn1\der\sequence\der_encode_sequence_ex.c">
      <Filter>pk\asn1\der\sequence</Filter>
    </ClCompile>
    <ClCompile Include="src\pk\asn1\der\sequence\der_encode_sequence_multi.c">
      <Filter>pk\asn1\der\sequence</Filter>
    </ClCompile>
    <ClCompile Include="src\pk\asn1\der\sequence\der_length_sequence.c">
      <Filter>pk\asn1\der\sequence</Filter>
    </ClCompile>
    <ClCompile Include="src\pk\asn1\der\sequence\der_sequence_free.c">
      <Filter>pk\asn1\der\sequence</Filter>
    </ClCompile>
    <ClCompile Include="src\pk\asn1\der\set\der_encode_set.c">
      <Filter>pk\asn1\der\set</Filter>
    </ClCompile>
    <ClCompile Include="src\pk\asn1\der\set\der_encode_setof.c">
      <Filter>pk\asn1\der\set</Filter>
    </ClCompile>
    <ClCompile Include="src\pk\asn1\der\short_integer\der_decode_short_integer.c">
      <Filter>pk\asn1\der\short_integer</Filter>
    </ClCompile>
    <ClCompile Include="src\pk\asn1\der\short_integer\der_encode_short_integer.c">
      <Filter>pk\asn1\der\short_integer</Filter>
    </ClCompile>
    <ClCompile Include="src\pk\asn1\der\short_integer\der_length_short_integer.c">
      <Filter>pk\asn1\der\short_integer</Filter>
    </ClCompile>
    <ClCompile Include="src\pk\asn1\der\utctime\der_decode_utctime.c">
      <Filter>pk\asn1\der\utctime</Filter>
    </ClCompile>
    <ClCompile Include="src\pk\asn1\der\utctime\der_encode_utctime.c">
      <Filter>pk\asn1\der\utctime</Filter>
    </ClCompile>
    <ClCompile Include="src\pk\asn1\der\utctime\der_length_utctime.c">
      <Filter>pk\asn1\der\utctime</Filter>
    </ClCompile>
    <ClCompile Include="src\pk\asn1\der\utf8\der_decode_utf8_string.c">
      <Filter>pk\asn1\der\utf8</Filter>
    </ClCompile>
    <ClCompile Include="src\pk\asn1\der\utf8\der_encode_utf8_string.c">
      <Filter>pk\asn1\der\utf8</Filter>
    </ClCompile>
    <ClCompile Include="src\pk\asn1\der\utf8\der_length_utf8_string.c">
      <Filter>pk\asn1\der\utf8</Filter>
    </ClCompile>
    <ClCompile Include="src\pk\dsa\dsa_decrypt_key.c">
      <Filter>pk\dsa</Filter>
    </ClCompile>
    <ClCompile Include="src\pk\dsa\dsa_encrypt_key.c">
      <Filter>pk\dsa</Filter>
    </ClCompile>
    <ClCompile Include="src\pk\dsa\dsa_export.c">
      <Filter>pk\dsa</Filter>
    </ClCompile>
    <ClCompile Include="src\pk\dsa\dsa_free.c">
      <Filter>pk\dsa</Filter>
    </ClCompile>
    <ClCompile Include="src\pk\dsa\dsa_import.c">
      <Filter>pk\dsa</Filter>
    </ClCompile>
    <ClCompile Include="src\pk\dsa\dsa_make_key.c">
      <Filter>pk\dsa</Filter>
    </ClCompile>
    <ClCompile Include="src\pk\dsa\dsa_shared_secret.c">
      <Filter>pk\dsa</Filter>
    </ClCompile>
    <ClCompile Include="src\pk\dsa\dsa_sign_hash.c">
      <Filter>pk\dsa</Filter>
    </ClCompile>
    <ClCompile Include="src\pk\dsa\dsa_verify_hash.c">
      <Filter>pk\dsa</Filter>
    </ClCompile>
    <ClCompile Include="src\pk\dsa\dsa_verify_key.c">
      <Filter>pk\dsa</Filter>
    </ClCompile>
    <ClCompile Include="src\pk\ecc\ecc.c">
      <Filter>pk\ecc</Filter>
    </ClCompile>
    <ClCompile Include="src\pk\ecc\ecc_ansi_x963_export.c">
      <Filter>pk\ecc</Filter>
    </ClCompile>
    <ClCompile Include="src\pk\ecc\ecc_ansi_x963_import.c">
      <Filter>pk\ecc</Filter>
    </ClCompile>
    <ClCompile Include="src\pk\ecc\ecc_decrypt_key.c">
      <Filter>pk\ecc</Filter>
    </ClCompile>
    <ClCompile Include="src\pk\ecc\ecc_encrypt_key.c">
      <Filter>pk\ecc</Filter>
    </ClCompile>
    <ClCompile Include="src\pk\ecc\ecc_export.c">
      <Filter>pk\ecc</Filter>
    </ClCompile>
    <ClCompile Include="src\pk\ecc\ecc_free.c">
      <Filter>pk\ecc</Filter>
    </ClCompile>
    <ClCompile Include="src\pk\ecc\ecc_get_size.c">
      <Filter>pk\ecc</Filter>
    </ClCompile>
    <ClCompile Include="src\pk\ecc\ecc_import.c">
      <Filter>pk\ecc</Filter>
    </ClCompile>
    <ClCompile Include="src\pk\ecc\ecc_make_key.c">
      <Filter>pk\ecc</Filter>
    </ClCompile>
    <ClCompile Include="src\pk\ecc\ecc_shared_secret.c">
      <Filter>pk\ecc</Filter>
    </ClCompile>
    <ClCompile Include="src\pk\ecc\ecc_sign_hash.c">
      <Filter>pk\ecc</Filter>
    </ClCompile>
    <ClCompile Include="src\pk\ecc\ecc_sizes.c">
      <Filter>pk\ecc</Filter>
    </ClCompile>
    <ClCompile Include="src\pk\ecc\ecc_test.c">
      <Filter>pk\ecc</Filter>
    </ClCompile>
    <ClCompile Include="src\pk\ecc\ecc_verify_hash.c">
      <Filter>pk\ecc</Filter>
    </ClCompile>
    <ClCompile Include="src\pk\ecc\ltc_ecc_is_valid_idx.c">
      <Filter>pk\ecc</Filter>
    </ClCompile>
    <ClCompile Include="src\pk\ecc\ltc_ecc_map.c">
      <Filter>pk\ecc</Filter>
    </ClCompile>
    <ClCompile Include="src\pk\ecc\ltc_ecc_mul2add.c">
      <Filter>pk\ecc</Filter>
    </ClCompile>
    <ClCompile Include="src\pk\ecc\ltc_ecc_mulmod.c">
      <Filter>pk\ecc</Filter>
    </ClCompile>
    <ClCompile Include="src\pk\ecc\ltc_ecc_mulmod_timing.c">
      <Filter>pk\ecc</Filter>
    </ClCompile>
    <ClCompile Include="src\pk\ecc\ltc_ecc_points.c">
      <Filter>pk\ecc</Filter>
    </ClCompile>
    <ClCompile Include="src\pk\ecc\ltc_ecc_projective_add_point.c">
      <Filter>pk\ecc</Filter>
    </ClCompile>
    <ClCompile Include="src\pk\ecc\ltc_ecc_projective_dbl_point.c">
      <Filter>pk\ecc</Filter>
    </ClCompile>
    <ClCompile Include="src\pk\katja\katja_decrypt_key.c">
      <Filter>pk\katja</Filter>
    </ClCompile>
    <ClCompile Include="src\pk\katja\katja_encrypt_key.c">
      <Filter>pk\katja</Filter>
    </ClCompile>
    <ClCompile Include="src\pk\katja\katja_export.c">
      <Filter>pk\katja</Filter>
    </ClCompile>
    <ClCompile Include="src\pk\katja\katja_exptmod.c">
      <Filter>pk\katja</Filter>
    </ClCompile>
    <ClCompile Include="src\pk\katja\katja_free.c">
      <Filter>pk\katja</Filter>
    </ClCompile>
    <ClCompile Include="src\pk\katja\katja_import.c">
      <Filter>pk\katja</Filter>
    </ClCompile>
    <ClCompile Include="src\pk\katja\katja_make_key.c">
      <Filter>pk\katja</Filter>
    </ClCompile>
    <ClCompile Include="src\pk\pkcs1\pkcs_1_i2osp.c">
      <Filter>pk\pkcs1</Filter>
    </ClCompile>
    <ClCompile Include="src\pk\pkcs1\pkcs_1_mgf1.c">
      <Filter>pk\pkcs1</Filter>
    </ClCompile>
    <ClCompile Include="src\pk\pkcs1\pkcs_1_oaep_decode.c">
      <Filter>pk\pkcs1</Filter>
    </ClCompile>
    <ClCompile Include="src\pk\pkcs1\pkcs_1_oaep_encode.c">
      <Filter>pk\pkcs1</Filter>
    </ClCompile>
    <ClCompile Include="src\pk\pkcs1\pkcs_1_os2ip.c">
      <Filter>pk\pkcs1</Filter>
    </ClCompile>
    <ClCompile Include="src\pk\pkcs1\pkcs_1_pss_decode.c">
      <Filter>pk\pkcs1</Filter>
    </ClCompile>
    <ClCompile Include="src\pk\pkcs1\pkcs_1_pss_encode.c">
      <Filter>pk\pkcs1</Filter>
    </ClCompile>
    <ClCompile Include="src\pk\pkcs1\pkcs_1_v1_5_decode.c">
      <Filter>pk\pkcs1</Filter>
    </ClCompile>
    <ClCompile Include="src\pk\pkcs1\pkcs_1_v1_5_encode.c">
      <Filter>pk\pkcs1</Filter>
    </ClCompile>
    <ClCompile Include="src\pk\rsa\rsa_decrypt_key.c">
      <Filter>pk\rsa</Filter>
    </ClCompile>
    <ClCompile Include="src\pk\rsa\rsa_encrypt_key.c">
      <Filter>pk\rsa</Filter>
    </ClCompile>
    <ClCompile Include="src\pk\rsa\rsa_export.c">
      <Filter>pk\rsa</Filter>
    </ClCompile>
    <ClCompile Include="src\pk\rsa\rsa_exptmod.c">
      <Filter>pk\rsa</Filter>
    </ClCompile>
    <ClCompile Include="src\pk\rsa\rsa_free.c">
      <Filter>pk\rsa</Filter>
    </ClCompile>
    <ClCompile Include="src\pk\rsa\rsa_import.c">
      <Filter>pk\rsa</Filter>
    </ClCompile>
    <ClCompile Include="src\pk\rsa\rsa_make_key.c">
      <Filter>pk\rsa</Filter>
    </ClCompile>
    <ClCompile Include="src\pk\rsa\rsa_sign_hash.c">
      <Filter>pk\rsa</Filter>
    </ClCompile>
    <ClCompile Include="src\pk\rsa\rsa_verify_hash.c">
      <Filter>pk\rsa</Filter>
    </ClCompile>
    <ClCompile Include="src\prngs\fortuna.c">
      <Filter>prngs</Filter>
    </ClCompile>
    <ClCompile Include="src\prngs\rc4.c">
      <Filter>prngs</Filter>
    </ClCompile>
    <ClCompile Include="src\prngs\rng_get_bytes.c">
      <Filter>prngs</Filter>
    </ClCompile>
    <ClCompile Include="src\prngs\rng_make_prng.c">
      <Filter>prngs</Filter>
    </ClCompile>
    <ClCompile Include="src\prngs\sober128.c">
      <Filter>prngs</Filter>
    </ClCompile>
    <ClCompile Include="src\prngs\sober128tab.c">
      <Filter>prngs</Filter>
    </ClCompile>
    <ClCompile Include="src\prngs\sprng.c">
      <Filter>prngs</Filter>
    </ClCompile>
    <ClCompile Include="src\prngs\yarrow.c">
      <Filter>prngs</Filter>
    </ClCompile>
  </ItemGroup>
  <ItemGroup>
    <ClInclude Include="src\headers\tomcrypt.h">
      <Filter>headers</Filter>
    </ClInclude>
    <ClInclude Include="src\headers\tomcrypt_argchk.h">
      <Filter>headers</Filter>
    </ClInclude>
    <ClInclude Include="src\headers\tomcrypt_cfg.h">
      <Filter>headers</Filter>
    </ClInclude>
    <ClInclude Include="src\headers\tomcrypt_cipher.h">
      <Filter>headers</Filter>
    </ClInclude>
    <ClInclude Include="src\headers\tomcrypt_custom.h">
      <Filter>headers</Filter>
    </ClInclude>
    <ClInclude Include="src\headers\tomcrypt_hash.h">
      <Filter>headers</Filter>
    </ClInclude>
    <ClInclude Include="src\headers\tomcrypt_mac.h">
      <Filter>headers</Filter>
    </ClInclude>
    <ClInclude Include="src\headers\tomcrypt_macros.h">
      <Filter>headers</Filter>
    </ClInclude>
    <ClInclude Include="src\headers\tomcrypt_math.h">
      <Filter>headers</Filter>
    </ClInclude>
    <ClInclude Include="src\headers\tomcrypt_misc.h">
      <Filter>headers</Filter>
    </ClInclude>
    <ClInclude Include="src\headers\tomcrypt_pk.h">
      <Filter>headers</Filter>
    </ClInclude>
    <ClInclude Include="src\headers\tomcrypt_pkcs.h">
      <Filter>headers</Filter>
    </ClInclude>
    <ClInclude Include="src\headers\tomcrypt_prng.h">
      <Filter>headers</Filter>
    </ClInclude>
  </ItemGroup>
</Project>